{
  "version": 4,
  "terraform_version": "1.2.4",
  "serial": 211,
  "lineage": "a1232beb-d0d6-844c-39bf-c849ddab669b",
  "outputs": {
    "lb_dns_name": {
      "value": "push-web-alb-108280349.ap-southeast-1.elb.amazonaws.com",
      "type": "string"
    },
    "public_subnet_az1_id": {
      "value": "subnet-0704d18202967fef8",
      "type": "string"
    },
    "public_subnet_az2_id": {
      "value": "subnet-06ed9db6ac76c8f86",
      "type": "string"
    },
    "vpc_id": {
      "value": "vpc-0368a0462d769bd4b",
      "type": "string"
    }
  },
  "resources": [
    {
      "module": "module.ecs-alb.module.alb",
      "mode": "managed",
      "type": "aws_lb",
      "name": "alb-example",
      "provider": "provider[\"registry.terraform.io/hashicorp/aws\"]",
      "instances": [
        {
          "schema_version": 0,
          "attributes": {
            "access_logs": [
              {
                "bucket": "",
                "enabled": false,
                "prefix": ""
              }
            ],
            "arn": "arn:aws:elasticloadbalancing:ap-southeast-1:996478355195:loadbalancer/app/push-web-alb/5b142295735c98f0",
            "arn_suffix": "app/push-web-alb/5b142295735c98f0",
            "customer_owned_ipv4_pool": "",
            "desync_mitigation_mode": "defensive",
            "dns_name": "push-web-alb-108280349.ap-southeast-1.elb.amazonaws.com",
            "drop_invalid_header_fields": false,
            "enable_cross_zone_load_balancing": true,
            "enable_deletion_protection": false,
            "enable_http2": true,
            "enable_tls_version_and_cipher_suite_headers": false,
            "enable_waf_fail_open": false,
            "enable_xff_client_port": false,
            "id": "arn:aws:elasticloadbalancing:ap-southeast-1:996478355195:loadbalancer/app/push-web-alb/5b142295735c98f0",
            "idle_timeout": 60,
            "internal": false,
            "ip_address_type": "ipv4",
            "load_balancer_type": "application",
            "name": "push-web-alb",
            "name_prefix": null,
            "preserve_host_header": false,
            "security_groups": [
              "sg-0ddbf084280ba0f1b"
            ],
            "subnet_mapping": [
              {
                "allocation_id": "",
                "ipv6_address": "",
                "outpost_id": "",
                "private_ipv4_address": "",
                "subnet_id": "subnet-06ed9db6ac76c8f86"
              },
              {
                "allocation_id": "",
                "ipv6_address": "",
                "outpost_id": "",
                "private_ipv4_address": "",
                "subnet_id": "subnet-0704d18202967fef8"
              }
            ],
            "subnets": [
              "subnet-06ed9db6ac76c8f86",
              "subnet-0704d18202967fef8"
            ],
            "tags": null,
            "tags_all": {},
            "timeouts": null,
            "vpc_id": "vpc-0368a0462d769bd4b",
            "xff_header_processing_mode": "append",
            "zone_id": "Z1LMS91P8CMLE5"
          },
          "sensitive_attributes": [],
          "private": "eyJlMmJmYjczMC1lY2FhLTExZTYtOGY4OC0zNDM2M2JjN2M0YzAiOnsiY3JlYXRlIjo2MDAwMDAwMDAwMDAsImRlbGV0ZSI6NjAwMDAwMDAwMDAwLCJ1cGRhdGUiOjYwMDAwMDAwMDAwMH19",
          "dependencies": [
            "module.push-web-ecs-service-sg.aws_security_group.security_group",
            "module.push-web-sg.aws_security_group.security_group",
            "module.vpc.aws_eip.nat_gateway",
            "module.vpc.aws_internet_gateway.internet_gateway",
            "module.vpc.aws_nat_gateway.nat_gateway",
            "module.vpc.aws_route.private_app_subnet_az1_nat_gateway_route",
            "module.vpc.aws_route.private_app_subnet_az2_nat_gateway_route",
            "module.vpc.aws_route.private_data_subnet_az1_nat_gateway_route",
            "module.vpc.aws_route.private_data_subnet_az2_nat_gateway_route",
            "module.vpc.aws_route_table.private_app_subnet_az1",
            "module.vpc.aws_route_table.private_app_subnet_az2",
            "module.vpc.aws_route_table.private_data_subnet_az1",
            "module.vpc.aws_route_table.private_data_subnet_az2",
            "module.vpc.aws_route_table.public_route_table",
            "module.vpc.aws_route_table_association.private_app_subnet_az1_association",
            "module.vpc.aws_route_table_association.private_app_subnet_az2_association",
            "module.vpc.aws_route_table_association.private_data_subnet_az1_association",
            "module.vpc.aws_route_table_association.private_data_subnet_az2_association",
            "module.vpc.aws_route_table_association.public_subnet_az1_route_table_association",
            "module.vpc.aws_route_table_association.public_subnet_az2_route_table_association",
            "module.vpc.aws_security_group.vpc_sg",
            "module.vpc.aws_subnet.private_app_subnet_az1",
            "module.vpc.aws_subnet.private_app_subnet_az2",
            "module.vpc.aws_subnet.private_data_subnet_az1",
            "module.vpc.aws_subnet.private_data_subnet_az2",
            "module.vpc.aws_subnet.public_subnet_az1",
            "module.vpc.aws_subnet.public_subnet_az2",
            "module.vpc.aws_vpc.vpc",
            "module.vpc.data.aws_availability_zones.available_zones"
          ]
        }
      ]
    },
    {
      "module": "module.ecs-alb.module.alb",
      "mode": "managed",
      "type": "aws_lb_listener",
      "name": "alb-example",
      "provider": "provider[\"registry.terraform.io/hashicorp/aws\"]",
      "instances": [
        {
          "schema_version": 0,
          "attributes": {
            "alpn_policy": null,
            "arn": "arn:aws:elasticloadbalancing:ap-southeast-1:996478355195:listener/app/push-web-alb/5b142295735c98f0/517ebf608478e74a",
            "certificate_arn": null,
            "default_action": [
              {
                "authenticate_cognito": [],
                "authenticate_oidc": [],
                "fixed_response": [],
                "forward": [],
                "order": 1,
                "redirect": [],
                "target_group_arn": "arn:aws:elasticloadbalancing:ap-southeast-1:996478355195:targetgroup/push-web-alb/0f1355570c22ec21",
                "type": "forward"
              }
            ],
            "id": "arn:aws:elasticloadbalancing:ap-southeast-1:996478355195:listener/app/push-web-alb/5b142295735c98f0/517ebf608478e74a",
            "load_balancer_arn": "arn:aws:elasticloadbalancing:ap-southeast-1:996478355195:loadbalancer/app/push-web-alb/5b142295735c98f0",
            "port": 443,
            "protocol": "HTTP",
            "ssl_policy": "",
            "tags": null,
            "tags_all": {},
            "timeouts": null
          },
          "sensitive_attributes": [],
          "private": "eyJlMmJmYjczMC1lY2FhLTExZTYtOGY4OC0zNDM2M2JjN2M0YzAiOnsicmVhZCI6NjAwMDAwMDAwMDAwfX0=",
          "dependencies": [
            "module.ecs-alb.module.alb.aws_lb.alb-example",
            "module.ecs-alb.module.alb.aws_lb_target_group.alb-example",
            "module.push-web-ecs-service-sg.aws_security_group.security_group",
            "module.push-web-sg.aws_security_group.security_group",
            "module.vpc.aws_eip.nat_gateway",
            "module.vpc.aws_internet_gateway.internet_gateway",
            "module.vpc.aws_nat_gateway.nat_gateway",
            "module.vpc.aws_route.private_app_subnet_az1_nat_gateway_route",
            "module.vpc.aws_route.private_app_subnet_az2_nat_gateway_route",
            "module.vpc.aws_route.private_data_subnet_az1_nat_gateway_route",
            "module.vpc.aws_route.private_data_subnet_az2_nat_gateway_route",
            "module.vpc.aws_route_table.private_app_subnet_az1",
            "module.vpc.aws_route_table.private_app_subnet_az2",
            "module.vpc.aws_route_table.private_data_subnet_az1",
            "module.vpc.aws_route_table.private_data_subnet_az2",
            "module.vpc.aws_route_table.public_route_table",
            "module.vpc.aws_route_table_association.private_app_subnet_az1_association",
            "module.vpc.aws_route_table_association.private_app_subnet_az2_association",
            "module.vpc.aws_route_table_association.private_data_subnet_az1_association",
            "module.vpc.aws_route_table_association.private_data_subnet_az2_association",
            "module.vpc.aws_route_table_association.public_subnet_az1_route_table_association",
            "module.vpc.aws_route_table_association.public_subnet_az2_route_table_association",
            "module.vpc.aws_security_group.vpc_sg",
            "module.vpc.aws_subnet.private_app_subnet_az1",
            "module.vpc.aws_subnet.private_app_subnet_az2",
            "module.vpc.aws_subnet.private_data_subnet_az1",
            "module.vpc.aws_subnet.private_data_subnet_az2",
            "module.vpc.aws_subnet.public_subnet_az1",
            "module.vpc.aws_subnet.public_subnet_az2",
            "module.vpc.aws_vpc.vpc",
            "module.vpc.data.aws_availability_zones.available_zones"
          ]
        }
      ]
    },
    {
      "module": "module.ecs-alb.module.alb",
      "mode": "managed",
      "type": "aws_lb_target_group",
      "name": "alb-example",
      "provider": "provider[\"registry.terraform.io/hashicorp/aws\"]",
      "instances": [
        {
          "schema_version": 0,
          "attributes": {
            "arn": "arn:aws:elasticloadbalancing:ap-southeast-1:996478355195:targetgroup/push-web-alb/0f1355570c22ec21",
            "arn_suffix": "targetgroup/push-web-alb/0f1355570c22ec21",
            "connection_termination": false,
            "deregistration_delay": "300",
            "health_check": [
              {
                "enabled": true,
                "healthy_threshold": 5,
                "interval": 30,
                "matcher": "200",
                "path": "/",
                "port": "traffic-port",
                "protocol": "HTTP",
                "timeout": 5,
                "unhealthy_threshold": 2
              }
            ],
            "id": "arn:aws:elasticloadbalancing:ap-southeast-1:996478355195:targetgroup/push-web-alb/0f1355570c22ec21",
            "ip_address_type": "ipv4",
            "lambda_multi_value_headers_enabled": false,
            "load_balancing_algorithm_type": "round_robin",
            "load_balancing_cross_zone_enabled": "use_load_balancer_configuration",
            "name": "push-web-alb",
            "name_prefix": null,
            "port": 80,
            "preserve_client_ip": null,
            "protocol": "HTTP",
            "protocol_version": "HTTP1",
            "proxy_protocol_v2": false,
            "slow_start": 0,
            "stickiness": [
              {
                "cookie_duration": 86400,
                "cookie_name": "",
                "enabled": false,
                "type": "lb_cookie"
              }
            ],
            "tags": null,
            "tags_all": {},
            "target_failover": [
              {
                "on_deregistration": null,
                "on_unhealthy": null
              }
            ],
            "target_type": "ip",
            "vpc_id": "vpc-0368a0462d769bd4b"
          },
          "sensitive_attributes": [],
          "private": "bnVsbA==",
          "dependencies": [
            "module.push-web-ecs-service-sg.aws_security_group.security_group",
            "module.push-web-sg.aws_security_group.security_group",
            "module.vpc.aws_eip.nat_gateway",
            "module.vpc.aws_internet_gateway.internet_gateway",
            "module.vpc.aws_nat_gateway.nat_gateway",
            "module.vpc.aws_route.private_app_subnet_az1_nat_gateway_route",
            "module.vpc.aws_route.private_app_subnet_az2_nat_gateway_route",
            "module.vpc.aws_route.private_data_subnet_az1_nat_gateway_route",
            "module.vpc.aws_route.private_data_subnet_az2_nat_gateway_route",
            "module.vpc.aws_route_table.private_app_subnet_az1",
            "module.vpc.aws_route_table.private_app_subnet_az2",
            "module.vpc.aws_route_table.private_data_subnet_az1",
            "module.vpc.aws_route_table.private_data_subnet_az2",
            "module.vpc.aws_route_table.public_route_table",
            "module.vpc.aws_route_table_association.private_app_subnet_az1_association",
            "module.vpc.aws_route_table_association.private_app_subnet_az2_association",
            "module.vpc.aws_route_table_association.private_data_subnet_az1_association",
            "module.vpc.aws_route_table_association.private_data_subnet_az2_association",
            "module.vpc.aws_route_table_association.public_subnet_az1_route_table_association",
            "module.vpc.aws_route_table_association.public_subnet_az2_route_table_association",
            "module.vpc.aws_security_group.vpc_sg",
            "module.vpc.aws_subnet.private_app_subnet_az1",
            "module.vpc.aws_subnet.private_app_subnet_az2",
            "module.vpc.aws_subnet.private_data_subnet_az1",
            "module.vpc.aws_subnet.private_data_subnet_az2",
            "module.vpc.aws_subnet.public_subnet_az1",
            "module.vpc.aws_subnet.public_subnet_az2",
            "module.vpc.aws_vpc.vpc",
            "module.vpc.data.aws_availability_zones.available_zones"
          ]
        }
      ]
    },
    {
      "module": "module.ecs-alb.module.ecs-cluster",
      "mode": "managed",
      "type": "aws_ecs_cluster",
      "name": "my_cluster",
      "provider": "provider[\"registry.terraform.io/hashicorp/aws\"]",
      "instances": [
        {
          "schema_version": 0,
          "attributes": {
            "arn": "arn:aws:ecs:ap-southeast-1:996478355195:cluster/consumption",
            "configuration": [],
            "id": "arn:aws:ecs:ap-southeast-1:996478355195:cluster/consumption",
            "name": "consumption",
            "service_connect_defaults": [],
            "setting": [
              {
                "name": "containerInsights",
                "value": "disabled"
              }
            ],
            "tags": null,
            "tags_all": {}
          },
          "sensitive_attributes": [],
          "private": "bnVsbA==",
          "dependencies": [
            "module.push-web-ecs-service-sg.aws_security_group.security_group",
            "module.push-web-sg.aws_security_group.security_group",
            "module.vpc.aws_eip.nat_gateway",
            "module.vpc.aws_internet_gateway.internet_gateway",
            "module.vpc.aws_nat_gateway.nat_gateway",
            "module.vpc.aws_route.private_app_subnet_az1_nat_gateway_route",
            "module.vpc.aws_route.private_app_subnet_az2_nat_gateway_route",
            "module.vpc.aws_route.private_data_subnet_az1_nat_gateway_route",
            "module.vpc.aws_route.private_data_subnet_az2_nat_gateway_route",
            "module.vpc.aws_route_table.private_app_subnet_az1",
            "module.vpc.aws_route_table.private_app_subnet_az2",
            "module.vpc.aws_route_table.private_data_subnet_az1",
            "module.vpc.aws_route_table.private_data_subnet_az2",
            "module.vpc.aws_route_table.public_route_table",
            "module.vpc.aws_route_table_association.private_app_subnet_az1_association",
            "module.vpc.aws_route_table_association.private_app_subnet_az2_association",
            "module.vpc.aws_route_table_association.private_data_subnet_az1_association",
            "module.vpc.aws_route_table_association.private_data_subnet_az2_association",
            "module.vpc.aws_route_table_association.public_subnet_az1_route_table_association",
            "module.vpc.aws_route_table_association.public_subnet_az2_route_table_association",
            "module.vpc.aws_security_group.vpc_sg",
            "module.vpc.aws_subnet.private_app_subnet_az1",
            "module.vpc.aws_subnet.private_app_subnet_az2",
            "module.vpc.aws_subnet.private_data_subnet_az1",
            "module.vpc.aws_subnet.private_data_subnet_az2",
            "module.vpc.aws_subnet.public_subnet_az1",
            "module.vpc.aws_subnet.public_subnet_az2",
            "module.vpc.aws_vpc.vpc",
            "module.vpc.data.aws_availability_zones.available_zones"
          ]
        }
      ]
    },
    {
      "module": "module.ecs-alb.module.ecs-cluster",
      "mode": "managed",
      "type": "aws_ecs_cluster_capacity_providers",
      "name": "my_cluster",
      "provider": "provider[\"registry.terraform.io/hashicorp/aws\"]",
      "instances": [
        {
          "schema_version": 0,
          "attributes": {
            "capacity_providers": [
              "FARGATE_SPOT"
            ],
            "cluster_name": "consumption",
            "default_capacity_provider_strategy": [
              {
                "base": 0,
                "capacity_provider": "FARGATE_SPOT",
                "weight": 1
              }
            ],
            "id": "consumption"
          },
          "sensitive_attributes": [],
          "private": "bnVsbA==",
          "dependencies": [
            "module.ecs-alb.module.ecs-cluster.aws_ecs_cluster.my_cluster",
            "module.push-web-ecs-service-sg.aws_security_group.security_group",
            "module.push-web-sg.aws_security_group.security_group",
            "module.vpc.aws_eip.nat_gateway",
            "module.vpc.aws_internet_gateway.internet_gateway",
            "module.vpc.aws_nat_gateway.nat_gateway",
            "module.vpc.aws_route.private_app_subnet_az1_nat_gateway_route",
            "module.vpc.aws_route.private_app_subnet_az2_nat_gateway_route",
            "module.vpc.aws_route.private_data_subnet_az1_nat_gateway_route",
            "module.vpc.aws_route.private_data_subnet_az2_nat_gateway_route",
            "module.vpc.aws_route_table.private_app_subnet_az1",
            "module.vpc.aws_route_table.private_app_subnet_az2",
            "module.vpc.aws_route_table.private_data_subnet_az1",
            "module.vpc.aws_route_table.private_data_subnet_az2",
            "module.vpc.aws_route_table.public_route_table",
            "module.vpc.aws_route_table_association.private_app_subnet_az1_association",
            "module.vpc.aws_route_table_association.private_app_subnet_az2_association",
            "module.vpc.aws_route_table_association.private_data_subnet_az1_association",
            "module.vpc.aws_route_table_association.private_data_subnet_az2_association",
            "module.vpc.aws_route_table_association.public_subnet_az1_route_table_association",
            "module.vpc.aws_route_table_association.public_subnet_az2_route_table_association",
            "module.vpc.aws_security_group.vpc_sg",
            "module.vpc.aws_subnet.private_app_subnet_az1",
            "module.vpc.aws_subnet.private_app_subnet_az2",
            "module.vpc.aws_subnet.private_data_subnet_az1",
            "module.vpc.aws_subnet.private_data_subnet_az2",
            "module.vpc.aws_subnet.public_subnet_az1",
            "module.vpc.aws_subnet.public_subnet_az2",
            "module.vpc.aws_vpc.vpc",
            "module.vpc.data.aws_availability_zones.available_zones"
          ]
        }
      ]
    },
    {
      "module": "module.ecs-alb.module.ecs-service",
      "mode": "managed",
      "type": "aws_ecs_service",
      "name": "ecs_service",
      "provider": "provider[\"registry.terraform.io/hashicorp/aws\"]",
      "instances": [
        {
          "schema_version": 0,
          "attributes": {
            "alarms": [],
            "capacity_provider_strategy": [],
            "cluster": "consumption",
            "deployment_circuit_breaker": [
              {
                "enable": false,
                "rollback": false
              }
            ],
            "deployment_controller": [
              {
                "type": "ECS"
              }
            ],
            "deployment_maximum_percent": 200,
            "deployment_minimum_healthy_percent": 100,
            "desired_count": 2,
            "enable_ecs_managed_tags": false,
            "enable_execute_command": false,
            "force_new_deployment": null,
            "health_check_grace_period_seconds": 300,
            "iam_role": "/aws-service-role/ecs.amazonaws.com/AWSServiceRoleForECS",
            "id": "arn:aws:ecs:ap-southeast-1:996478355195:service/consumption/push-ecs-web-service",
            "launch_type": "",
            "load_balancer": [
              {
                "container_name": "my-container",
                "container_port": 80,
                "elb_name": "",
                "target_group_arn": "arn:aws:elasticloadbalancing:ap-southeast-1:996478355195:targetgroup/push-web-alb/0f1355570c22ec21"
              }
            ],
            "name": "push-ecs-web-service",
            "network_configuration": [
              {
                "assign_public_ip": true,
                "security_groups": [
                  "sg-068de6d6a1fe37ba3"
                ],
                "subnets": [
                  "subnet-06ed9db6ac76c8f86",
                  "subnet-0704d18202967fef8"
                ]
              }
            ],
            "ordered_placement_strategy": [],
            "placement_constraints": [],
            "platform_version": "LATEST",
            "propagate_tags": "NONE",
            "scheduling_strategy": "REPLICA",
            "service_connect_configuration": [],
            "service_registries": [],
            "tags": null,
            "tags_all": {},
            "task_definition": "arn:aws:ecs:ap-southeast-1:996478355195:task-definition/push-web-taskdef:1",
            "timeouts": null,
            "triggers": {},
            "wait_for_steady_state": false
          },
          "sensitive_attributes": [],
          "private": "eyJlMmJmYjczMC1lY2FhLTExZTYtOGY4OC0zNDM2M2JjN2M0YzAiOnsiY3JlYXRlIjoxMjAwMDAwMDAwMDAwLCJkZWxldGUiOjEyMDAwMDAwMDAwMDAsInVwZGF0ZSI6MTIwMDAwMDAwMDAwMH19",
          "dependencies": [
            "module.ecs-alb.module.alb.aws_lb_target_group.alb-example",
            "module.ecs-alb.module.ecs-cluster.aws_ecs_cluster.my_cluster",
            "module.ecs-alb.module.ecs-service.aws_ecs_task_definition.taskdef",
            "module.ecs-alb.module.ecs-service.aws_iam_role.role",
            "module.push-web-ecs-service-sg.aws_security_group.security_group",
            "module.push-web-sg.aws_security_group.security_group",
            "module.vpc.aws_eip.nat_gateway",
            "module.vpc.aws_internet_gateway.internet_gateway",
            "module.vpc.aws_nat_gateway.nat_gateway",
            "module.vpc.aws_route.private_app_subnet_az1_nat_gateway_route",
            "module.vpc.aws_route.private_app_subnet_az2_nat_gateway_route",
            "module.vpc.aws_route.private_data_subnet_az1_nat_gateway_route",
            "module.vpc.aws_route.private_data_subnet_az2_nat_gateway_route",
            "module.vpc.aws_route_table.private_app_subnet_az1",
            "module.vpc.aws_route_table.private_app_subnet_az2",
            "module.vpc.aws_route_table.private_data_subnet_az1",
            "module.vpc.aws_route_table.private_data_subnet_az2",
            "module.vpc.aws_route_table.public_route_table",
            "module.vpc.aws_route_table_association.private_app_subnet_az1_association",
            "module.vpc.aws_route_table_association.private_app_subnet_az2_association",
            "module.vpc.aws_route_table_association.private_data_subnet_az1_association",
            "module.vpc.aws_route_table_association.private_data_subnet_az2_association",
            "module.vpc.aws_route_table_association.public_subnet_az1_route_table_association",
            "module.vpc.aws_route_table_association.public_subnet_az2_route_table_association",
            "module.vpc.aws_security_group.vpc_sg",
            "module.vpc.aws_subnet.private_app_subnet_az1",
            "module.vpc.aws_subnet.private_app_subnet_az2",
            "module.vpc.aws_subnet.private_data_subnet_az1",
            "module.vpc.aws_subnet.private_data_subnet_az2",
            "module.vpc.aws_subnet.public_subnet_az1",
            "module.vpc.aws_subnet.public_subnet_az2",
            "module.vpc.aws_vpc.vpc",
            "module.vpc.data.aws_availability_zones.available_zones"
          ]
        }
      ]
    },
    {
      "module": "module.ecs-alb.module.ecs-service",
      "mode": "managed",
      "type": "aws_ecs_task_definition",
      "name": "taskdef",
      "provider": "provider[\"registry.terraform.io/hashicorp/aws\"]",
      "instances": [
        {
          "schema_version": 1,
          "attributes": {
            "arn": "arn:aws:ecs:ap-southeast-1:996478355195:task-definition/push-web-taskdef:1",
            "arn_without_revision": "arn:aws:ecs:ap-southeast-1:996478355195:task-definition/push-web-taskdef",
            "container_definitions": "[{\"cpu\":256,\"environment\":[],\"essential\":true,\"image\":\"nginx:latest\",\"memory\":512,\"mountPoints\":[],\"name\":\"my-container\",\"portMappings\":[{\"containerPort\":80,\"hostPort\":80,\"protocol\":\"tcp\"}],\"volumesFrom\":[]}]",
            "cpu": "1024",
            "ephemeral_storage": [],
            "execution_role_arn": "arn:aws:iam::996478355195:role/imp-taskdef-role",
            "family": "push-web-taskdef",
            "id": "push-web-taskdef",
            "inference_accelerator": [],
            "ipc_mode": "",
            "memory": "2048",
            "network_mode": "awsvpc",
            "pid_mode": "",
            "placement_constraints": [],
            "proxy_configuration": [],
            "requires_compatibilities": [
              "FARGATE"
            ],
            "revision": 1,
            "runtime_platform": [
              {
                "cpu_architecture": "X86_64",
                "operating_system_family": "LINUX"
              }
            ],
            "skip_destroy": false,
            "tags": null,
            "tags_all": {},
            "task_role_arn": "arn:aws:iam::996478355195:role/imp-taskdef-role",
            "volume": []
          },
          "sensitive_attributes": [],
          "private": "eyJzY2hlbWFfdmVyc2lvbiI6IjEifQ==",
          "dependencies": [
            "module.ecs-alb.module.ecs-service.aws_iam_role.role",
            "module.push-web-ecs-service-sg.aws_security_group.security_group",
            "module.push-web-sg.aws_security_group.security_group",
            "module.vpc.aws_eip.nat_gateway",
            "module.vpc.aws_internet_gateway.internet_gateway",
            "module.vpc.aws_nat_gateway.nat_gateway",
            "module.vpc.aws_route.private_app_subnet_az1_nat_gateway_route",
            "module.vpc.aws_route.private_app_subnet_az2_nat_gateway_route",
            "module.vpc.aws_route.private_data_subnet_az1_nat_gateway_route",
            "module.vpc.aws_route.private_data_subnet_az2_nat_gateway_route",
            "module.vpc.aws_route_table.private_app_subnet_az1",
            "module.vpc.aws_route_table.private_app_subnet_az2",
            "module.vpc.aws_route_table.private_data_subnet_az1",
            "module.vpc.aws_route_table.private_data_subnet_az2",
            "module.vpc.aws_route_table.public_route_table",
            "module.vpc.aws_route_table_association.private_app_subnet_az1_association",
            "module.vpc.aws_route_table_association.private_app_subnet_az2_association",
            "module.vpc.aws_route_table_association.private_data_subnet_az1_association",
            "module.vpc.aws_route_table_association.private_data_subnet_az2_association",
            "module.vpc.aws_route_table_association.public_subnet_az1_route_table_association",
            "module.vpc.aws_route_table_association.public_subnet_az2_route_table_association",
            "module.vpc.aws_security_group.vpc_sg",
            "module.vpc.aws_subnet.private_app_subnet_az1",
            "module.vpc.aws_subnet.private_app_subnet_az2",
            "module.vpc.aws_subnet.private_data_subnet_az1",
            "module.vpc.aws_subnet.private_data_subnet_az2",
            "module.vpc.aws_subnet.public_subnet_az1",
            "module.vpc.aws_subnet.public_subnet_az2",
            "module.vpc.aws_vpc.vpc",
            "module.vpc.data.aws_availability_zones.available_zones"
          ]
        }
      ]
    },
    {
      "module": "module.ecs-alb.module.ecs-service",
      "mode": "managed",
      "type": "aws_iam_role",
      "name": "role",
      "provider": "provider[\"registry.terraform.io/hashicorp/aws\"]",
      "instances": [
        {
          "schema_version": 0,
          "attributes": {
            "arn": "arn:aws:iam::996478355195:role/imp-taskdef-role",
            "assume_role_policy": "{\"Statement\":[{\"Action\":\"sts:AssumeRole\",\"Effect\":\"Allow\",\"Principal\":{\"Service\":[\"ecs.amazonaws.com\",\"ecs-tasks.amazonaws.com\"]},\"Sid\":\"\"}],\"Version\":\"2012-10-17\"}",
            "create_date": "2023-08-11T00:35:22Z",
            "description": "",
            "force_detach_policies": false,
            "id": "imp-taskdef-role",
            "inline_policy": [],
            "managed_policy_arns": [],
            "max_session_duration": 3600,
            "name": "imp-taskdef-role",
            "name_prefix": "",
            "path": "/",
            "permissions_boundary": null,
            "tags": null,
            "tags_all": {},
            "unique_id": "AROA6QAV5A35WJZJRTPHO"
          },
          "sensitive_attributes": [],
          "private": "bnVsbA==",
          "dependencies": [
            "module.push-web-ecs-service-sg.aws_security_group.security_group",
            "module.push-web-sg.aws_security_group.security_group",
            "module.vpc.aws_eip.nat_gateway",
            "module.vpc.aws_internet_gateway.internet_gateway",
            "module.vpc.aws_nat_gateway.nat_gateway",
            "module.vpc.aws_route.private_app_subnet_az1_nat_gateway_route",
            "module.vpc.aws_route.private_app_subnet_az2_nat_gateway_route",
            "module.vpc.aws_route.private_data_subnet_az1_nat_gateway_route",
            "module.vpc.aws_route.private_data_subnet_az2_nat_gateway_route",
            "module.vpc.aws_route_table.private_app_subnet_az1",
            "module.vpc.aws_route_table.private_app_subnet_az2",
            "module.vpc.aws_route_table.private_data_subnet_az1",
            "module.vpc.aws_route_table.private_data_subnet_az2",
            "module.vpc.aws_route_table.public_route_table",
            "module.vpc.aws_route_table_association.private_app_subnet_az1_association",
            "module.vpc.aws_route_table_association.private_app_subnet_az2_association",
            "module.vpc.aws_route_table_association.private_data_subnet_az1_association",
            "module.vpc.aws_route_table_association.private_data_subnet_az2_association",
            "module.vpc.aws_route_table_association.public_subnet_az1_route_table_association",
            "module.vpc.aws_route_table_association.public_subnet_az2_route_table_association",
            "module.vpc.aws_security_group.vpc_sg",
            "module.vpc.aws_subnet.private_app_subnet_az1",
            "module.vpc.aws_subnet.private_app_subnet_az2",
            "module.vpc.aws_subnet.private_data_subnet_az1",
            "module.vpc.aws_subnet.private_data_subnet_az2",
            "module.vpc.aws_subnet.public_subnet_az1",
            "module.vpc.aws_subnet.public_subnet_az2",
            "module.vpc.aws_vpc.vpc",
            "module.vpc.data.aws_availability_zones.available_zones"
          ]
        }
      ]
    },
    {
      "module": "module.ecs-alb.module.ecs-service",
      "mode": "managed",
      "type": "aws_iam_role_policy_attachment",
      "name": "attach1",
      "provider": "provider[\"registry.terraform.io/hashicorp/aws\"]",
      "instances": [
        {
          "schema_version": 0,
          "attributes": {
            "id": "imp-taskdef-role-20230811003524058200000002",
            "policy_arn": "arn:aws:iam::aws:policy/AmazonS3FullAccess",
            "role": "imp-taskdef-role"
          },
          "sensitive_attributes": [],
          "private": "bnVsbA==",
          "dependencies": [
            "module.ecs-alb.module.ecs-service.aws_iam_role.role",
            "module.push-web-ecs-service-sg.aws_security_group.security_group",
            "module.push-web-sg.aws_security_group.security_group",
            "module.vpc.aws_eip.nat_gateway",
            "module.vpc.aws_internet_gateway.internet_gateway",
            "module.vpc.aws_nat_gateway.nat_gateway",
            "module.vpc.aws_route.private_app_subnet_az1_nat_gateway_route",
            "module.vpc.aws_route.private_app_subnet_az2_nat_gateway_route",
            "module.vpc.aws_route.private_data_subnet_az1_nat_gateway_route",
            "module.vpc.aws_route.private_data_subnet_az2_nat_gateway_route",
            "module.vpc.aws_route_table.private_app_subnet_az1",
            "module.vpc.aws_route_table.private_app_subnet_az2",
            "module.vpc.aws_route_table.private_data_subnet_az1",
            "module.vpc.aws_route_table.private_data_subnet_az2",
            "module.vpc.aws_route_table.public_route_table",
            "module.vpc.aws_route_table_association.private_app_subnet_az1_association",
            "module.vpc.aws_route_table_association.private_app_subnet_az2_association",
            "module.vpc.aws_route_table_association.private_data_subnet_az1_association",
            "module.vpc.aws_route_table_association.private_data_subnet_az2_association",
            "module.vpc.aws_route_table_association.public_subnet_az1_route_table_association",
            "module.vpc.aws_route_table_association.public_subnet_az2_route_table_association",
            "module.vpc.aws_security_group.vpc_sg",
            "module.vpc.aws_subnet.private_app_subnet_az1",
            "module.vpc.aws_subnet.private_app_subnet_az2",
            "module.vpc.aws_subnet.private_data_subnet_az1",
            "module.vpc.aws_subnet.private_data_subnet_az2",
            "module.vpc.aws_subnet.public_subnet_az1",
            "module.vpc.aws_subnet.public_subnet_az2",
            "module.vpc.aws_vpc.vpc",
            "module.vpc.data.aws_availability_zones.available_zones"
          ]
        }
      ]
    },
    {
      "module": "module.ecs-alb.module.ecs-service",
      "mode": "managed",
      "type": "aws_iam_role_policy_attachment",
      "name": "attach2",
      "provider": "provider[\"registry.terraform.io/hashicorp/aws\"]",
      "instances": [
        {
          "schema_version": 0,
          "attributes": {
            "id": "imp-taskdef-role-20230811003524400700000003",
            "policy_arn": "arn:aws:iam::aws:policy/service-role/AmazonECSTaskExecutionRolePolicy",
            "role": "imp-taskdef-role"
          },
          "sensitive_attributes": [],
          "private": "bnVsbA==",
          "dependencies": [
            "module.ecs-alb.module.ecs-service.aws_iam_role.role",
            "module.push-web-ecs-service-sg.aws_security_group.security_group",
            "module.push-web-sg.aws_security_group.security_group",
            "module.vpc.aws_eip.nat_gateway",
            "module.vpc.aws_internet_gateway.internet_gateway",
            "module.vpc.aws_nat_gateway.nat_gateway",
            "module.vpc.aws_route.private_app_subnet_az1_nat_gateway_route",
            "module.vpc.aws_route.private_app_subnet_az2_nat_gateway_route",
            "module.vpc.aws_route.private_data_subnet_az1_nat_gateway_route",
            "module.vpc.aws_route.private_data_subnet_az2_nat_gateway_route",
            "module.vpc.aws_route_table.private_app_subnet_az1",
            "module.vpc.aws_route_table.private_app_subnet_az2",
            "module.vpc.aws_route_table.private_data_subnet_az1",
            "module.vpc.aws_route_table.private_data_subnet_az2",
            "module.vpc.aws_route_table.public_route_table",
            "module.vpc.aws_route_table_association.private_app_subnet_az1_association",
            "module.vpc.aws_route_table_association.private_app_subnet_az2_association",
            "module.vpc.aws_route_table_association.private_data_subnet_az1_association",
            "module.vpc.aws_route_table_association.private_data_subnet_az2_association",
            "module.vpc.aws_route_table_association.public_subnet_az1_route_table_association",
            "module.vpc.aws_route_table_association.public_subnet_az2_route_table_association",
            "module.vpc.aws_security_group.vpc_sg",
            "module.vpc.aws_subnet.private_app_subnet_az1",
            "module.vpc.aws_subnet.private_app_subnet_az2",
            "module.vpc.aws_subnet.private_data_subnet_az1",
            "module.vpc.aws_subnet.private_data_subnet_az2",
            "module.vpc.aws_subnet.public_subnet_az1",
            "module.vpc.aws_subnet.public_subnet_az2",
            "module.vpc.aws_vpc.vpc",
            "module.vpc.data.aws_availability_zones.available_zones"
          ]
        }
      ]
    },
    {
      "module": "module.push-web-ecs-service-sg",
      "mode": "managed",
      "type": "aws_security_group",
      "name": "security_group",
      "provider": "provider[\"registry.terraform.io/hashicorp/aws\"]",
      "instances": [
        {
          "schema_version": 1,
          "attributes": {
            "arn": "arn:aws:ec2:ap-southeast-1:996478355195:security-group/sg-0ddbf084280ba0f1b",
            "description": "push-web-ecs-service-sg",
            "egress": [
              {
                "cidr_blocks": [
                  "0.0.0.0/0"
                ],
                "description": "",
                "from_port": 0,
                "ipv6_cidr_blocks": [],
                "prefix_list_ids": [],
                "protocol": "-1",
                "security_groups": [],
                "self": false,
                "to_port": 0
              }
            ],
            "id": "sg-0ddbf084280ba0f1b",
            "ingress": [
              {
                "cidr_blocks": [
                  "0.0.0.0/0"
                ],
                "description": "",
                "from_port": 3000,
                "ipv6_cidr_blocks": [],
                "prefix_list_ids": [],
                "protocol": "tcp",
                "security_groups": [],
                "self": false,
                "to_port": 3000
              }
            ],
            "name": "push-web-ecs-service-sg",
            "name_prefix": "",
            "owner_id": "996478355195",
            "revoke_rules_on_delete": false,
            "tags": {
              "Backup": "False",
              "Name": "push-web-ecs-service-sg",
              "OwnerTeamEmail": "mardelacruz@abs-cbn.com",
              "abscbn-bus-unit": "DCT",
              "abscbn-cost-centre": "61250",
              "abscbn-criticality": "Silver",
              "abscbn-env": "prod",
              "abscbn-product": "ent",
              "abscbn-url": "pushweb.abs-cbn.com"
            },
            "tags_all": {
              "Backup": "False",
              "Name": "push-web-ecs-service-sg",
              "OwnerTeamEmail": "mardelacruz@abs-cbn.com",
              "abscbn-bus-unit": "DCT",
              "abscbn-cost-centre": "61250",
              "abscbn-criticality": "Silver",
              "abscbn-env": "prod",
              "abscbn-product": "ent",
              "abscbn-url": "pushweb.abs-cbn.com"
            },
            "timeouts": null,
            "vpc_id": "vpc-0368a0462d769bd4b"
          },
          "sensitive_attributes": [],
          "private": "eyJlMmJmYjczMC1lY2FhLTExZTYtOGY4OC0zNDM2M2JjN2M0YzAiOnsiY3JlYXRlIjo2MDAwMDAwMDAwMDAsImRlbGV0ZSI6OTAwMDAwMDAwMDAwfSwic2NoZW1hX3ZlcnNpb24iOiIxIn0=",
          "dependencies": [
            "module.vpc.aws_eip.nat_gateway",
            "module.vpc.aws_internet_gateway.internet_gateway",
            "module.vpc.aws_nat_gateway.nat_gateway",
            "module.vpc.aws_route.private_app_subnet_az1_nat_gateway_route",
            "module.vpc.aws_route.private_app_subnet_az2_nat_gateway_route",
            "module.vpc.aws_route.private_data_subnet_az1_nat_gateway_route",
            "module.vpc.aws_route.private_data_subnet_az2_nat_gateway_route",
            "module.vpc.aws_route_table.private_app_subnet_az1",
            "module.vpc.aws_route_table.private_app_subnet_az2",
            "module.vpc.aws_route_table.private_data_subnet_az1",
            "module.vpc.aws_route_table.private_data_subnet_az2",
            "module.vpc.aws_route_table.public_route_table",
            "module.vpc.aws_route_table_association.private_app_subnet_az1_association",
            "module.vpc.aws_route_table_association.private_app_subnet_az2_association",
            "module.vpc.aws_route_table_association.private_data_subnet_az1_association",
            "module.vpc.aws_route_table_association.private_data_subnet_az2_association",
            "module.vpc.aws_route_table_association.public_subnet_az1_route_table_association",
            "module.vpc.aws_route_table_association.public_subnet_az2_route_table_association",
            "module.vpc.aws_security_group.vpc_sg",
            "module.vpc.aws_subnet.private_app_subnet_az1",
            "module.vpc.aws_subnet.private_app_subnet_az2",
            "module.vpc.aws_subnet.private_data_subnet_az1",
            "module.vpc.aws_subnet.private_data_subnet_az2",
            "module.vpc.aws_subnet.public_subnet_az1",
            "module.vpc.aws_subnet.public_subnet_az2",
            "module.vpc.aws_vpc.vpc",
            "module.vpc.data.aws_availability_zones.available_zones"
          ]
        }
      ]
    },
    {
      "module": "module.push-web-sg",
      "mode": "managed",
      "type": "aws_security_group",
      "name": "security_group",
      "provider": "provider[\"registry.terraform.io/hashicorp/aws\"]",
      "instances": [
        {
          "schema_version": 1,
          "attributes": {
            "arn": "arn:aws:ec2:ap-southeast-1:996478355195:security-group/sg-068de6d6a1fe37ba3",
            "description": "push-web-sg",
            "egress": [
              {
                "cidr_blocks": [
                  "0.0.0.0/0"
                ],
                "description": "",
                "from_port": 0,
                "ipv6_cidr_blocks": [],
                "prefix_list_ids": [],
                "protocol": "-1",
                "security_groups": [],
                "self": false,
                "to_port": 0
              }
            ],
            "id": "sg-068de6d6a1fe37ba3",
            "ingress": [
              {
                "cidr_blocks": [
                  "0.0.0.0/0"
                ],
                "description": "",
                "from_port": 443,
                "ipv6_cidr_blocks": [],
                "prefix_list_ids": [],
                "protocol": "tcp",
                "security_groups": [],
                "self": false,
                "to_port": 443
              }
            ],
            "name": "push-web-sg",
            "name_prefix": "",
            "owner_id": "996478355195",
            "revoke_rules_on_delete": false,
            "tags": {
              "Backup": "False",
              "Name": "push-web-sg",
              "OwnerTeamEmail": "mardelacruz@abs-cbn.com",
              "abscbn-bus-unit": "DCT",
              "abscbn-cost-centre": "61250",
              "abscbn-criticality": "Silver",
              "abscbn-env": "prod",
              "abscbn-product": "ent",
              "abscbn-url": "pushweb.abs-cbn.com"
            },
            "tags_all": {
              "Backup": "False",
              "Name": "push-web-sg",
              "OwnerTeamEmail": "mardelacruz@abs-cbn.com",
              "abscbn-bus-unit": "DCT",
              "abscbn-cost-centre": "61250",
              "abscbn-criticality": "Silver",
              "abscbn-env": "prod",
              "abscbn-product": "ent",
              "abscbn-url": "pushweb.abs-cbn.com"
            },
            "timeouts": null,
            "vpc_id": "vpc-0368a0462d769bd4b"
          },
          "sensitive_attributes": [],
          "private": "eyJlMmJmYjczMC1lY2FhLTExZTYtOGY4OC0zNDM2M2JjN2M0YzAiOnsiY3JlYXRlIjo2MDAwMDAwMDAwMDAsImRlbGV0ZSI6OTAwMDAwMDAwMDAwfSwic2NoZW1hX3ZlcnNpb24iOiIxIn0=",
          "dependencies": [
            "module.vpc.aws_eip.nat_gateway",
            "module.vpc.aws_internet_gateway.internet_gateway",
            "module.vpc.aws_nat_gateway.nat_gateway",
            "module.vpc.aws_route.private_app_subnet_az1_nat_gateway_route",
            "module.vpc.aws_route.private_app_subnet_az2_nat_gateway_route",
            "module.vpc.aws_route.private_data_subnet_az1_nat_gateway_route",
            "module.vpc.aws_route.private_data_subnet_az2_nat_gateway_route",
            "module.vpc.aws_route_table.private_app_subnet_az1",
            "module.vpc.aws_route_table.private_app_subnet_az2",
            "module.vpc.aws_route_table.private_data_subnet_az1",
            "module.vpc.aws_route_table.private_data_subnet_az2",
            "module.vpc.aws_route_table.public_route_table",
            "module.vpc.aws_route_table_association.private_app_subnet_az1_association",
            "module.vpc.aws_route_table_association.private_app_subnet_az2_association",
            "module.vpc.aws_route_table_association.private_data_subnet_az1_association",
            "module.vpc.aws_route_table_association.private_data_subnet_az2_association",
            "module.vpc.aws_route_table_association.public_subnet_az1_route_table_association",
            "module.vpc.aws_route_table_association.public_subnet_az2_route_table_association",
            "module.vpc.aws_security_group.vpc_sg",
            "module.vpc.aws_subnet.private_app_subnet_az1",
            "module.vpc.aws_subnet.private_app_subnet_az2",
            "module.vpc.aws_subnet.private_data_subnet_az1",
            "module.vpc.aws_subnet.private_data_subnet_az2",
            "module.vpc.aws_subnet.public_subnet_az1",
            "module.vpc.aws_subnet.public_subnet_az2",
            "module.vpc.aws_vpc.vpc",
            "module.vpc.data.aws_availability_zones.available_zones"
          ]
        }
      ]
    },
    {
      "module": "module.vpc",
      "mode": "data",
      "type": "aws_availability_zones",
      "name": "available_zones",
      "provider": "provider[\"registry.terraform.io/hashicorp/aws\"]",
      "instances": [
        {
          "schema_version": 0,
          "attributes": {
            "all_availability_zones": null,
            "exclude_names": null,
            "exclude_zone_ids": null,
            "filter": null,
            "group_names": [
              "ap-southeast-1"
            ],
            "id": "ap-southeast-1",
            "names": [
              "ap-southeast-1a",
              "ap-southeast-1b",
              "ap-southeast-1c"
            ],
            "state": null,
            "timeouts": null,
            "zone_ids": [
              "apse1-az2",
              "apse1-az1",
              "apse1-az3"
            ]
          },
          "sensitive_attributes": []
        }
      ]
    },
    {
      "module": "module.vpc",
      "mode": "managed",
      "type": "aws_eip",
      "name": "nat_gateway",
      "provider": "provider[\"registry.terraform.io/hashicorp/aws\"]",
      "instances": [
        {
          "schema_version": 0,
          "attributes": {
            "address": null,
            "allocation_id": "eipalloc-078ce636821c64219",
            "associate_with_private_ip": null,
            "association_id": "",
            "carrier_ip": "",
            "customer_owned_ip": "",
            "customer_owned_ipv4_pool": "",
            "domain": "vpc",
            "id": "eipalloc-078ce636821c64219",
            "instance": "",
            "network_border_group": "ap-southeast-1",
            "network_interface": "",
            "private_dns": null,
            "private_ip": "",
            "public_dns": "ec2-52-220-236-98.ap-southeast-1.compute.amazonaws.com",
            "public_ip": "52.220.236.98",
            "public_ipv4_pool": "amazon",
            "tags": null,
            "tags_all": {},
            "timeouts": null,
            "vpc": true
          },
          "sensitive_attributes": [],
          "private": "eyJlMmJmYjczMC1lY2FhLTExZTYtOGY4OC0zNDM2M2JjN2M0YzAiOnsiZGVsZXRlIjoxODAwMDAwMDAwMDAsInJlYWQiOjkwMDAwMDAwMDAwMCwidXBkYXRlIjozMDAwMDAwMDAwMDB9fQ=="
        }
      ]
    },
    {
      "module": "module.vpc",
      "mode": "managed",
      "type": "aws_internet_gateway",
      "name": "internet_gateway",
      "provider": "provider[\"registry.terraform.io/hashicorp/aws\"]",
      "instances": [
        {
          "schema_version": 0,
          "attributes": {
            "arn": "arn:aws:ec2:ap-southeast-1:996478355195:internet-gateway/igw-02f089ba20333142f",
            "id": "igw-02f089ba20333142f",
            "owner_id": "996478355195",
            "tags": {
              "Name": "consumption-igw"
            },
            "tags_all": {
              "Name": "consumption-igw"
            },
            "timeouts": null,
            "vpc_id": "vpc-0368a0462d769bd4b"
          },
          "sensitive_attributes": [],
          "private": "eyJlMmJmYjczMC1lY2FhLTExZTYtOGY4OC0zNDM2M2JjN2M0YzAiOnsiY3JlYXRlIjoxMjAwMDAwMDAwMDAwLCJkZWxldGUiOjEyMDAwMDAwMDAwMDAsInVwZGF0ZSI6MTIwMDAwMDAwMDAwMH19",
          "dependencies": [
            "module.vpc.aws_vpc.vpc"
          ]
        }
      ]
    },
    {
      "module": "module.vpc",
      "mode": "managed",
      "type": "aws_nat_gateway",
      "name": "nat_gateway",
      "provider": "provider[\"registry.terraform.io/hashicorp/aws\"]",
      "instances": [
        {
          "schema_version": 0,
          "attributes": {
            "allocation_id": "eipalloc-078ce636821c64219",
            "association_id": "eipassoc-02ba030f84cf68b51",
            "connectivity_type": "public",
            "id": "nat-0914f7bf0a992de73",
            "network_interface_id": "eni-0a0e6b579bc938f17",
            "private_ip": "10.195.82.174",
            "public_ip": "52.220.236.98",
            "secondary_allocation_ids": null,
            "secondary_private_ip_address_count": 0,
            "secondary_private_ip_addresses": [],
            "subnet_id": "subnet-01a161a5ed26f2c73",
            "tags": {
              "Name": "NAT Gateway"
            },
            "tags_all": {
              "Name": "NAT Gateway"
            },
            "timeouts": null
          },
          "sensitive_attributes": [],
          "private": "eyJlMmJmYjczMC1lY2FhLTExZTYtOGY4OC0zNDM2M2JjN2M0YzAiOnsiY3JlYXRlIjo2MDAwMDAwMDAwMDAsImRlbGV0ZSI6MTgwMDAwMDAwMDAwMCwidXBkYXRlIjo2MDAwMDAwMDAwMDB9fQ==",
          "dependencies": [
            "module.vpc.aws_eip.nat_gateway",
            "module.vpc.aws_subnet.private_app_subnet_az1",
            "module.vpc.aws_vpc.vpc",
            "module.vpc.data.aws_availability_zones.available_zones"
          ]
        }
      ]
    },
    {
      "module": "module.vpc",
      "mode": "managed",
      "type": "aws_route",
      "name": "private_app_subnet_az1_nat_gateway_route",
      "provider": "provider[\"registry.terraform.io/hashicorp/aws\"]",
      "instances": [
        {
          "schema_version": 0,
          "attributes": {
            "carrier_gateway_id": "",
            "core_network_arn": "",
            "destination_cidr_block": "0.0.0.0/0",
            "destination_ipv6_cidr_block": "",
            "destination_prefix_list_id": "",
            "egress_only_gateway_id": "",
            "gateway_id": "",
            "id": "r-rtb-018817b463abb59c41080289494",
            "instance_id": "",
            "instance_owner_id": "",
            "local_gateway_id": "",
            "nat_gateway_id": "nat-0914f7bf0a992de73",
            "network_interface_id": "",
            "origin": "CreateRoute",
            "route_table_id": "rtb-018817b463abb59c4",
            "state": "active",
            "timeouts": null,
            "transit_gateway_id": "",
            "vpc_endpoint_id": "",
            "vpc_peering_connection_id": ""
          },
          "sensitive_attributes": [],
          "private": "eyJlMmJmYjczMC1lY2FhLTExZTYtOGY4OC0zNDM2M2JjN2M0YzAiOnsiY3JlYXRlIjozMDAwMDAwMDAwMDAsImRlbGV0ZSI6MzAwMDAwMDAwMDAwLCJ1cGRhdGUiOjEyMDAwMDAwMDAwMH19",
          "dependencies": [
            "module.vpc.aws_eip.nat_gateway",
            "module.vpc.aws_nat_gateway.nat_gateway",
            "module.vpc.aws_route_table.private_app_subnet_az1",
            "module.vpc.aws_subnet.private_app_subnet_az1",
            "module.vpc.aws_vpc.vpc",
            "module.vpc.data.aws_availability_zones.available_zones"
          ]
        }
      ]
    },
    {
      "module": "module.vpc",
      "mode": "managed",
      "type": "aws_route",
      "name": "private_app_subnet_az2_nat_gateway_route",
      "provider": "provider[\"registry.terraform.io/hashicorp/aws\"]",
      "instances": [
        {
          "schema_version": 0,
          "attributes": {
            "carrier_gateway_id": "",
            "core_network_arn": "",
            "destination_cidr_block": "0.0.0.0/0",
            "destination_ipv6_cidr_block": "",
            "destination_prefix_list_id": "",
            "egress_only_gateway_id": "",
            "gateway_id": "",
            "id": "r-rtb-00fa30977107c98431080289494",
            "instance_id": "",
            "instance_owner_id": "",
            "local_gateway_id": "",
            "nat_gateway_id": "nat-0914f7bf0a992de73",
            "network_interface_id": "",
            "origin": "CreateRoute",
            "route_table_id": "rtb-00fa30977107c9843",
            "state": "active",
            "timeouts": null,
            "transit_gateway_id": "",
            "vpc_endpoint_id": "",
            "vpc_peering_connection_id": ""
          },
          "sensitive_attributes": [],
          "private": "eyJlMmJmYjczMC1lY2FhLTExZTYtOGY4OC0zNDM2M2JjN2M0YzAiOnsiY3JlYXRlIjozMDAwMDAwMDAwMDAsImRlbGV0ZSI6MzAwMDAwMDAwMDAwLCJ1cGRhdGUiOjEyMDAwMDAwMDAwMH19",
          "dependencies": [
            "module.vpc.aws_eip.nat_gateway",
            "module.vpc.aws_nat_gateway.nat_gateway",
            "module.vpc.aws_route_table.private_app_subnet_az2",
            "module.vpc.aws_subnet.private_app_subnet_az1",
            "module.vpc.aws_vpc.vpc",
            "module.vpc.data.aws_availability_zones.available_zones"
          ]
        }
      ]
    },
    {
      "module": "module.vpc",
      "mode": "managed",
      "type": "aws_route",
      "name": "private_data_subnet_az1_nat_gateway_route",
      "provider": "provider[\"registry.terraform.io/hashicorp/aws\"]",
      "instances": [
        {
          "schema_version": 0,
          "attributes": {
            "carrier_gateway_id": "",
            "core_network_arn": "",
            "destination_cidr_block": "0.0.0.0/0",
            "destination_ipv6_cidr_block": "",
            "destination_prefix_list_id": "",
            "egress_only_gateway_id": "",
            "gateway_id": "",
            "id": "r-rtb-0f4167fa4f857291c1080289494",
            "instance_id": "",
            "instance_owner_id": "",
            "local_gateway_id": "",
            "nat_gateway_id": "nat-0914f7bf0a992de73",
            "network_interface_id": "",
            "origin": "CreateRoute",
            "route_table_id": "rtb-0f4167fa4f857291c",
            "state": "active",
            "timeouts": null,
            "transit_gateway_id": "",
            "vpc_endpoint_id": "",
            "vpc_peering_connection_id": ""
          },
          "sensitive_attributes": [],
          "private": "eyJlMmJmYjczMC1lY2FhLTExZTYtOGY4OC0zNDM2M2JjN2M0YzAiOnsiY3JlYXRlIjozMDAwMDAwMDAwMDAsImRlbGV0ZSI6MzAwMDAwMDAwMDAwLCJ1cGRhdGUiOjEyMDAwMDAwMDAwMH19",
          "dependencies": [
            "module.vpc.aws_eip.nat_gateway",
            "module.vpc.aws_nat_gateway.nat_gateway",
            "module.vpc.aws_route_table.private_data_subnet_az1",
            "module.vpc.aws_subnet.private_app_subnet_az1",
            "module.vpc.aws_vpc.vpc",
            "module.vpc.data.aws_availability_zones.available_zones"
          ]
        }
      ]
    },
    {
      "module": "module.vpc",
      "mode": "managed",
      "type": "aws_route",
      "name": "private_data_subnet_az2_nat_gateway_route",
      "provider": "provider[\"registry.terraform.io/hashicorp/aws\"]",
      "instances": [
        {
          "schema_version": 0,
          "attributes": {
            "carrier_gateway_id": "",
            "core_network_arn": "",
            "destination_cidr_block": "0.0.0.0/0",
            "destination_ipv6_cidr_block": "",
            "destination_prefix_list_id": "",
            "egress_only_gateway_id": "",
            "gateway_id": "",
            "id": "r-rtb-05b0076f1183e53ed1080289494",
            "instance_id": "",
            "instance_owner_id": "",
            "local_gateway_id": "",
            "nat_gateway_id": "nat-0914f7bf0a992de73",
            "network_interface_id": "",
            "origin": "CreateRoute",
            "route_table_id": "rtb-05b0076f1183e53ed",
            "state": "active",
            "timeouts": null,
            "transit_gateway_id": "",
            "vpc_endpoint_id": "",
            "vpc_peering_connection_id": ""
          },
          "sensitive_attributes": [],
          "private": "eyJlMmJmYjczMC1lY2FhLTExZTYtOGY4OC0zNDM2M2JjN2M0YzAiOnsiY3JlYXRlIjozMDAwMDAwMDAwMDAsImRlbGV0ZSI6MzAwMDAwMDAwMDAwLCJ1cGRhdGUiOjEyMDAwMDAwMDAwMH19",
          "dependencies": [
            "module.vpc.aws_eip.nat_gateway",
            "module.vpc.aws_nat_gateway.nat_gateway",
            "module.vpc.aws_route_table.private_data_subnet_az2",
            "module.vpc.aws_subnet.private_app_subnet_az1",
            "module.vpc.aws_vpc.vpc",
            "module.vpc.data.aws_availability_zones.available_zones"
          ]
        }
      ]
    },
    {
      "module": "module.vpc",
      "mode": "managed",
      "type": "aws_route_table",
      "name": "private_app_subnet_az1",
      "provider": "provider[\"registry.terraform.io/hashicorp/aws\"]",
      "instances": [
        {
          "schema_version": 0,
          "attributes": {
            "arn": "arn:aws:ec2:ap-southeast-1:996478355195:route-table/rtb-018817b463abb59c4",
            "id": "rtb-018817b463abb59c4",
            "owner_id": "996478355195",
            "propagating_vgws": [],
            "route": [],
            "tags": {
              "Name": "consumption-rtb-private1-ap-southeast-1a"
            },
            "tags_all": {
              "Name": "consumption-rtb-private1-ap-southeast-1a"
            },
            "timeouts": null,
            "vpc_id": "vpc-0368a0462d769bd4b"
          },
          "sensitive_attributes": [],
          "private": "eyJlMmJmYjczMC1lY2FhLTExZTYtOGY4OC0zNDM2M2JjN2M0YzAiOnsiY3JlYXRlIjozMDAwMDAwMDAwMDAsImRlbGV0ZSI6MzAwMDAwMDAwMDAwLCJ1cGRhdGUiOjEyMDAwMDAwMDAwMH19",
          "dependencies": [
            "module.vpc.aws_vpc.vpc"
          ]
        }
      ]
    },
    {
      "module": "module.vpc",
      "mode": "managed",
      "type": "aws_route_table",
      "name": "private_app_subnet_az2",
      "provider": "provider[\"registry.terraform.io/hashicorp/aws\"]",
      "instances": [
        {
          "schema_version": 0,
          "attributes": {
            "arn": "arn:aws:ec2:ap-southeast-1:996478355195:route-table/rtb-00fa30977107c9843",
            "id": "rtb-00fa30977107c9843",
            "owner_id": "996478355195",
            "propagating_vgws": [],
            "route": [],
            "tags": {
              "Name": "consumption-rtb-private2-ap-southeast-1b"
            },
            "tags_all": {
              "Name": "consumption-rtb-private2-ap-southeast-1b"
            },
            "timeouts": null,
            "vpc_id": "vpc-0368a0462d769bd4b"
          },
          "sensitive_attributes": [],
          "private": "eyJlMmJmYjczMC1lY2FhLTExZTYtOGY4OC0zNDM2M2JjN2M0YzAiOnsiY3JlYXRlIjozMDAwMDAwMDAwMDAsImRlbGV0ZSI6MzAwMDAwMDAwMDAwLCJ1cGRhdGUiOjEyMDAwMDAwMDAwMH19",
          "dependencies": [
            "module.vpc.aws_vpc.vpc"
          ]
        }
      ]
    },
    {
      "module": "module.vpc",
      "mode": "managed",
      "type": "aws_route_table",
      "name": "private_data_subnet_az1",
      "provider": "provider[\"registry.terraform.io/hashicorp/aws\"]",
      "instances": [
        {
          "schema_version": 0,
          "attributes": {
            "arn": "arn:aws:ec2:ap-southeast-1:996478355195:route-table/rtb-0f4167fa4f857291c",
            "id": "rtb-0f4167fa4f857291c",
            "owner_id": "996478355195",
            "propagating_vgws": [],
            "route": [],
            "tags": {
              "Name": "consumption-rtb-private3-ap-southeast-1a"
            },
            "tags_all": {
              "Name": "consumption-rtb-private3-ap-southeast-1a"
            },
            "timeouts": null,
            "vpc_id": "vpc-0368a0462d769bd4b"
          },
          "sensitive_attributes": [],
          "private": "eyJlMmJmYjczMC1lY2FhLTExZTYtOGY4OC0zNDM2M2JjN2M0YzAiOnsiY3JlYXRlIjozMDAwMDAwMDAwMDAsImRlbGV0ZSI6MzAwMDAwMDAwMDAwLCJ1cGRhdGUiOjEyMDAwMDAwMDAwMH19",
          "dependencies": [
            "module.vpc.aws_vpc.vpc"
          ]
        }
      ]
    },
    {
      "module": "module.vpc",
      "mode": "managed",
      "type": "aws_route_table",
      "name": "private_data_subnet_az2",
      "provider": "provider[\"registry.terraform.io/hashicorp/aws\"]",
      "instances": [
        {
          "schema_version": 0,
          "attributes": {
            "arn": "arn:aws:ec2:ap-southeast-1:996478355195:route-table/rtb-05b0076f1183e53ed",
            "id": "rtb-05b0076f1183e53ed",
            "owner_id": "996478355195",
            "propagating_vgws": [],
            "route": [],
            "tags": {
              "Name": "consumption-rtb-private4-ap-southeast-1b"
            },
            "tags_all": {
              "Name": "consumption-rtb-private4-ap-southeast-1b"
            },
            "timeouts": null,
            "vpc_id": "vpc-0368a0462d769bd4b"
          },
          "sensitive_attributes": [],
          "private": "eyJlMmJmYjczMC1lY2FhLTExZTYtOGY4OC0zNDM2M2JjN2M0YzAiOnsiY3JlYXRlIjozMDAwMDAwMDAwMDAsImRlbGV0ZSI6MzAwMDAwMDAwMDAwLCJ1cGRhdGUiOjEyMDAwMDAwMDAwMH19",
          "dependencies": [
            "module.vpc.aws_vpc.vpc"
          ]
        }
      ]
    },
    {
      "module": "module.vpc",
      "mode": "managed",
      "type": "aws_route_table",
      "name": "public_route_table",
      "provider": "provider[\"registry.terraform.io/hashicorp/aws\"]",
      "instances": [
        {
          "schema_version": 0,
          "attributes": {
            "arn": "arn:aws:ec2:ap-southeast-1:996478355195:route-table/rtb-039b371559ae411d5",
            "id": "rtb-039b371559ae411d5",
            "owner_id": "996478355195",
            "propagating_vgws": [],
            "route": [
              {
                "carrier_gateway_id": "",
                "cidr_block": "0.0.0.0/0",
                "core_network_arn": "",
                "destination_prefix_list_id": "",
                "egress_only_gateway_id": "",
                "gateway_id": "igw-02f089ba20333142f",
                "ipv6_cidr_block": "",
                "local_gateway_id": "",
                "nat_gateway_id": "",
                "network_interface_id": "",
                "transit_gateway_id": "",
                "vpc_endpoint_id": "",
                "vpc_peering_connection_id": ""
              }
            ],
            "tags": {
              "Name": "consumption-rtb-public"
            },
            "tags_all": {
              "Name": "consumption-rtb-public"
            },
            "timeouts": null,
            "vpc_id": "vpc-0368a0462d769bd4b"
          },
          "sensitive_attributes": [],
          "private": "eyJlMmJmYjczMC1lY2FhLTExZTYtOGY4OC0zNDM2M2JjN2M0YzAiOnsiY3JlYXRlIjozMDAwMDAwMDAwMDAsImRlbGV0ZSI6MzAwMDAwMDAwMDAwLCJ1cGRhdGUiOjEyMDAwMDAwMDAwMH19",
          "dependencies": [
            "module.vpc.aws_internet_gateway.internet_gateway",
            "module.vpc.aws_vpc.vpc"
          ]
        }
      ]
    },
    {
      "module": "module.vpc",
      "mode": "managed",
      "type": "aws_route_table_association",
      "name": "private_app_subnet_az1_association",
      "provider": "provider[\"registry.terraform.io/hashicorp/aws\"]",
      "instances": [
        {
          "schema_version": 0,
          "attributes": {
            "gateway_id": "",
            "id": "rtbassoc-02d1bb7a82401481c",
            "route_table_id": "rtb-018817b463abb59c4",
            "subnet_id": "subnet-01a161a5ed26f2c73",
            "timeouts": null
          },
          "sensitive_attributes": [],
          "private": "eyJlMmJmYjczMC1lY2FhLTExZTYtOGY4OC0zNDM2M2JjN2M0YzAiOnsiY3JlYXRlIjozMDAwMDAwMDAwMDAsImRlbGV0ZSI6MzAwMDAwMDAwMDAwLCJ1cGRhdGUiOjEyMDAwMDAwMDAwMH19",
          "dependencies": [
            "module.vpc.aws_route_table.private_app_subnet_az1",
            "module.vpc.aws_subnet.private_app_subnet_az1",
            "module.vpc.aws_vpc.vpc",
            "module.vpc.data.aws_availability_zones.available_zones"
          ]
        }
      ]
    },
    {
      "module": "module.vpc",
      "mode": "managed",
      "type": "aws_route_table_association",
      "name": "private_app_subnet_az2_association",
      "provider": "provider[\"registry.terraform.io/hashicorp/aws\"]",
      "instances": [
        {
          "schema_version": 0,
          "attributes": {
            "gateway_id": "",
            "id": "rtbassoc-079c29efc2a97e49d",
            "route_table_id": "rtb-00fa30977107c9843",
            "subnet_id": "subnet-012e0506bf42777b1",
            "timeouts": null
          },
          "sensitive_attributes": [],
          "private": "eyJlMmJmYjczMC1lY2FhLTExZTYtOGY4OC0zNDM2M2JjN2M0YzAiOnsiY3JlYXRlIjozMDAwMDAwMDAwMDAsImRlbGV0ZSI6MzAwMDAwMDAwMDAwLCJ1cGRhdGUiOjEyMDAwMDAwMDAwMH19",
          "dependencies": [
            "module.vpc.aws_route_table.private_app_subnet_az2",
            "module.vpc.aws_subnet.private_app_subnet_az2",
            "module.vpc.aws_vpc.vpc",
            "module.vpc.data.aws_availability_zones.available_zones"
          ]
        }
      ]
    },
    {
      "module": "module.vpc",
      "mode": "managed",
      "type": "aws_route_table_association",
      "name": "private_data_subnet_az1_association",
      "provider": "provider[\"registry.terraform.io/hashicorp/aws\"]",
      "instances": [
        {
          "schema_version": 0,
          "attributes": {
            "gateway_id": "",
            "id": "rtbassoc-09e0afd4bc2cef4b5",
            "route_table_id": "rtb-0f4167fa4f857291c",
            "subnet_id": "subnet-0f40426ddc75a2b0c",
            "timeouts": null
          },
          "sensitive_attributes": [],
          "private": "eyJlMmJmYjczMC1lY2FhLTExZTYtOGY4OC0zNDM2M2JjN2M0YzAiOnsiY3JlYXRlIjozMDAwMDAwMDAwMDAsImRlbGV0ZSI6MzAwMDAwMDAwMDAwLCJ1cGRhdGUiOjEyMDAwMDAwMDAwMH19",
          "dependencies": [
            "module.vpc.aws_route_table.private_data_subnet_az1",
            "module.vpc.aws_subnet.private_data_subnet_az1",
            "module.vpc.aws_vpc.vpc",
            "module.vpc.data.aws_availability_zones.available_zones"
          ]
        }
      ]
    },
    {
      "module": "module.vpc",
      "mode": "managed",
      "type": "aws_route_table_association",
      "name": "private_data_subnet_az2_association",
      "provider": "provider[\"registry.terraform.io/hashicorp/aws\"]",
      "instances": [
        {
          "schema_version": 0,
          "attributes": {
            "gateway_id": "",
            "id": "rtbassoc-0971105ce23524cdf",
            "route_table_id": "rtb-05b0076f1183e53ed",
            "subnet_id": "subnet-07130b595c503795a",
            "timeouts": null
          },
          "sensitive_attributes": [],
          "private": "eyJlMmJmYjczMC1lY2FhLTExZTYtOGY4OC0zNDM2M2JjN2M0YzAiOnsiY3JlYXRlIjozMDAwMDAwMDAwMDAsImRlbGV0ZSI6MzAwMDAwMDAwMDAwLCJ1cGRhdGUiOjEyMDAwMDAwMDAwMH19",
          "dependencies": [
            "module.vpc.aws_route_table.private_data_subnet_az2",
            "module.vpc.aws_subnet.private_data_subnet_az2",
            "module.vpc.aws_vpc.vpc",
            "module.vpc.data.aws_availability_zones.available_zones"
          ]
        }
      ]
    },
    {
      "module": "module.vpc",
      "mode": "managed",
      "type": "aws_route_table_association",
      "name": "public_subnet_az1_route_table_association",
      "provider": "provider[\"registry.terraform.io/hashicorp/aws\"]",
      "instances": [
        {
          "schema_version": 0,
          "attributes": {
            "gateway_id": "",
            "id": "rtbassoc-02fcd4b9b1efd4bbd",
            "route_table_id": "rtb-039b371559ae411d5",
            "subnet_id": "subnet-0704d18202967fef8",
            "timeouts": null
          },
          "sensitive_attributes": [],
          "private": "eyJlMmJmYjczMC1lY2FhLTExZTYtOGY4OC0zNDM2M2JjN2M0YzAiOnsiY3JlYXRlIjozMDAwMDAwMDAwMDAsImRlbGV0ZSI6MzAwMDAwMDAwMDAwLCJ1cGRhdGUiOjEyMDAwMDAwMDAwMH19",
          "dependencies": [
            "module.vpc.aws_internet_gateway.internet_gateway",
            "module.vpc.aws_route_table.public_route_table",
            "module.vpc.aws_subnet.public_subnet_az1",
            "module.vpc.aws_vpc.vpc",
            "module.vpc.data.aws_availability_zones.available_zones"
          ]
        }
      ]
    },
    {
      "module": "module.vpc",
      "mode": "managed",
      "type": "aws_route_table_association",
      "name": "public_subnet_az2_route_table_association",
      "provider": "provider[\"registry.terraform.io/hashicorp/aws\"]",
      "instances": [
        {
          "schema_version": 0,
          "attributes": {
            "gateway_id": "",
            "id": "rtbassoc-06e4f3e9670631bba",
            "route_table_id": "rtb-039b371559ae411d5",
            "subnet_id": "subnet-06ed9db6ac76c8f86",
            "timeouts": null
          },
          "sensitive_attributes": [],
          "private": "eyJlMmJmYjczMC1lY2FhLTExZTYtOGY4OC0zNDM2M2JjN2M0YzAiOnsiY3JlYXRlIjozMDAwMDAwMDAwMDAsImRlbGV0ZSI6MzAwMDAwMDAwMDAwLCJ1cGRhdGUiOjEyMDAwMDAwMDAwMH19",
          "dependencies": [
            "module.vpc.aws_internet_gateway.internet_gateway",
            "module.vpc.aws_route_table.public_route_table",
            "module.vpc.aws_subnet.public_subnet_az2",
            "module.vpc.aws_vpc.vpc",
            "module.vpc.data.aws_availability_zones.available_zones"
          ]
        }
      ]
    },
    {
      "module": "module.vpc",
      "mode": "managed",
      "type": "aws_security_group",
      "name": "vpc_sg",
      "provider": "provider[\"registry.terraform.io/hashicorp/aws\"]",
      "instances": [
        {
          "schema_version": 1,
          "attributes": {
            "arn": "arn:aws:ec2:ap-southeast-1:996478355195:security-group/sg-08b31f46371c4e795",
            "description": "vpc security group",
            "egress": [
              {
                "cidr_blocks": [],
                "description": "",
                "from_port": 0,
                "ipv6_cidr_blocks": [],
                "prefix_list_ids": [],
                "protocol": "-1",
                "security_groups": [],
                "self": false,
                "to_port": 0
              }
            ],
            "id": "sg-08b31f46371c4e795",
            "ingress": [
              {
                "cidr_blocks": [
                  "10.195.80.0/21"
                ],
                "description": "",
                "from_port": 8080,
                "ipv6_cidr_blocks": [],
                "prefix_list_ids": [],
                "protocol": "tcp",
                "security_groups": [],
                "self": false,
                "to_port": 8080
              }
            ],
            "name": "vpc-security-group",
            "name_prefix": "",
            "owner_id": "996478355195",
            "revoke_rules_on_delete": false,
            "tags": null,
            "tags_all": {},
            "timeouts": null,
            "vpc_id": "vpc-0368a0462d769bd4b"
          },
          "sensitive_attributes": [],
          "private": "eyJlMmJmYjczMC1lY2FhLTExZTYtOGY4OC0zNDM2M2JjN2M0YzAiOnsiY3JlYXRlIjo2MDAwMDAwMDAwMDAsImRlbGV0ZSI6OTAwMDAwMDAwMDAwfSwic2NoZW1hX3ZlcnNpb24iOiIxIn0=",
          "dependencies": [
            "module.vpc.aws_vpc.vpc"
          ]
        }
      ]
    },
    {
      "module": "module.vpc",
      "mode": "managed",
      "type": "aws_subnet",
      "name": "private_app_subnet_az1",
      "provider": "provider[\"registry.terraform.io/hashicorp/aws\"]",
      "instances": [
        {
          "schema_version": 1,
          "attributes": {
            "arn": "arn:aws:ec2:ap-southeast-1:996478355195:subnet/subnet-01a161a5ed26f2c73",
            "assign_ipv6_address_on_creation": false,
            "availability_zone": "ap-southeast-1a",
            "availability_zone_id": "apse1-az2",
            "cidr_block": "10.195.82.0/24",
            "customer_owned_ipv4_pool": "",
            "enable_dns64": false,
            "enable_lni_at_device_index": 0,
            "enable_resource_name_dns_a_record_on_launch": false,
            "enable_resource_name_dns_aaaa_record_on_launch": false,
            "id": "subnet-01a161a5ed26f2c73",
            "ipv6_cidr_block": "",
            "ipv6_cidr_block_association_id": "",
            "ipv6_native": false,
            "map_customer_owned_ip_on_launch": false,
            "map_public_ip_on_launch": false,
            "outpost_arn": "",
            "owner_id": "996478355195",
            "private_dns_hostname_type_on_launch": "ip-name",
            "tags": {
              "Name": "consumption-subnet-private1-ap-southeast-1a"
            },
            "tags_all": {
              "Name": "consumption-subnet-private1-ap-southeast-1a"
            },
            "timeouts": null,
            "vpc_id": "vpc-0368a0462d769bd4b"
          },
          "sensitive_attributes": [],
          "private": "eyJlMmJmYjczMC1lY2FhLTExZTYtOGY4OC0zNDM2M2JjN2M0YzAiOnsiY3JlYXRlIjo2MDAwMDAwMDAwMDAsImRlbGV0ZSI6MTIwMDAwMDAwMDAwMH0sInNjaGVtYV92ZXJzaW9uIjoiMSJ9",
          "dependencies": [
            "module.vpc.aws_vpc.vpc",
            "module.vpc.data.aws_availability_zones.available_zones"
          ]
        }
      ]
    },
    {
      "module": "module.vpc",
      "mode": "managed",
      "type": "aws_subnet",
      "name": "private_app_subnet_az2",
      "provider": "provider[\"registry.terraform.io/hashicorp/aws\"]",
      "instances": [
        {
          "schema_version": 1,
          "attributes": {
            "arn": "arn:aws:ec2:ap-southeast-1:996478355195:subnet/subnet-012e0506bf42777b1",
            "assign_ipv6_address_on_creation": false,
            "availability_zone": "ap-southeast-1b",
            "availability_zone_id": "apse1-az1",
            "cidr_block": "10.195.83.0/24",
            "customer_owned_ipv4_pool": "",
            "enable_dns64": false,
            "enable_lni_at_device_index": 0,
            "enable_resource_name_dns_a_record_on_launch": false,
            "enable_resource_name_dns_aaaa_record_on_launch": false,
            "id": "subnet-012e0506bf42777b1",
            "ipv6_cidr_block": "",
            "ipv6_cidr_block_association_id": "",
            "ipv6_native": false,
            "map_customer_owned_ip_on_launch": false,
            "map_public_ip_on_launch": false,
            "outpost_arn": "",
            "owner_id": "996478355195",
            "private_dns_hostname_type_on_launch": "ip-name",
            "tags": {
              "Name": "consumption-subnet-private2-ap-southeast-1b"
            },
            "tags_all": {
              "Name": "consumption-subnet-private2-ap-southeast-1b"
            },
            "timeouts": null,
            "vpc_id": "vpc-0368a0462d769bd4b"
          },
          "sensitive_attributes": [],
          "private": "eyJlMmJmYjczMC1lY2FhLTExZTYtOGY4OC0zNDM2M2JjN2M0YzAiOnsiY3JlYXRlIjo2MDAwMDAwMDAwMDAsImRlbGV0ZSI6MTIwMDAwMDAwMDAwMH0sInNjaGVtYV92ZXJzaW9uIjoiMSJ9",
          "dependencies": [
            "module.vpc.aws_vpc.vpc",
            "module.vpc.data.aws_availability_zones.available_zones"
          ]
        }
      ]
    },
    {
      "module": "module.vpc",
      "mode": "managed",
      "type": "aws_subnet",
      "name": "private_data_subnet_az1",
      "provider": "provider[\"registry.terraform.io/hashicorp/aws\"]",
      "instances": [
        {
          "schema_version": 1,
          "attributes": {
            "arn": "arn:aws:ec2:ap-southeast-1:996478355195:subnet/subnet-0f40426ddc75a2b0c",
            "assign_ipv6_address_on_creation": false,
            "availability_zone": "ap-southeast-1a",
            "availability_zone_id": "apse1-az2",
            "cidr_block": "10.195.84.0/24",
            "customer_owned_ipv4_pool": "",
            "enable_dns64": false,
            "enable_lni_at_device_index": 0,
            "enable_resource_name_dns_a_record_on_launch": false,
            "enable_resource_name_dns_aaaa_record_on_launch": false,
            "id": "subnet-0f40426ddc75a2b0c",
            "ipv6_cidr_block": "",
            "ipv6_cidr_block_association_id": "",
            "ipv6_native": false,
            "map_customer_owned_ip_on_launch": false,
            "map_public_ip_on_launch": false,
            "outpost_arn": "",
            "owner_id": "996478355195",
            "private_dns_hostname_type_on_launch": "ip-name",
            "tags": {
              "Name": "consumption-subnet-private3-ap-southeast-1a"
            },
            "tags_all": {
              "Name": "consumption-subnet-private3-ap-southeast-1a"
            },
            "timeouts": null,
            "vpc_id": "vpc-0368a0462d769bd4b"
          },
          "sensitive_attributes": [],
          "private": "eyJlMmJmYjczMC1lY2FhLTExZTYtOGY4OC0zNDM2M2JjN2M0YzAiOnsiY3JlYXRlIjo2MDAwMDAwMDAwMDAsImRlbGV0ZSI6MTIwMDAwMDAwMDAwMH0sInNjaGVtYV92ZXJzaW9uIjoiMSJ9",
          "dependencies": [
            "module.vpc.aws_vpc.vpc",
            "module.vpc.data.aws_availability_zones.available_zones"
          ]
        }
      ]
    },
    {
      "module": "module.vpc",
      "mode": "managed",
      "type": "aws_subnet",
      "name": "private_data_subnet_az2",
      "provider": "provider[\"registry.terraform.io/hashicorp/aws\"]",
      "instances": [
        {
          "schema_version": 1,
          "attributes": {
            "arn": "arn:aws:ec2:ap-southeast-1:996478355195:subnet/subnet-07130b595c503795a",
            "assign_ipv6_address_on_creation": false,
            "availability_zone": "ap-southeast-1b",
            "availability_zone_id": "apse1-az1",
            "cidr_block": "10.195.85.0/24",
            "customer_owned_ipv4_pool": "",
            "enable_dns64": false,
            "enable_lni_at_device_index": 0,
            "enable_resource_name_dns_a_record_on_launch": false,
            "enable_resource_name_dns_aaaa_record_on_launch": false,
            "id": "subnet-07130b595c503795a",
            "ipv6_cidr_block": "",
            "ipv6_cidr_block_association_id": "",
            "ipv6_native": false,
            "map_customer_owned_ip_on_launch": false,
            "map_public_ip_on_launch": false,
            "outpost_arn": "",
            "owner_id": "996478355195",
            "private_dns_hostname_type_on_launch": "ip-name",
            "tags": {
              "Name": "consumption-subnet-private4-ap-southeast-1b"
            },
            "tags_all": {
              "Name": "consumption-subnet-private4-ap-southeast-1b"
            },
            "timeouts": null,
            "vpc_id": "vpc-0368a0462d769bd4b"
          },
          "sensitive_attributes": [],
          "private": "eyJlMmJmYjczMC1lY2FhLTExZTYtOGY4OC0zNDM2M2JjN2M0YzAiOnsiY3JlYXRlIjo2MDAwMDAwMDAwMDAsImRlbGV0ZSI6MTIwMDAwMDAwMDAwMH0sInNjaGVtYV92ZXJzaW9uIjoiMSJ9",
          "dependencies": [
            "module.vpc.aws_vpc.vpc",
            "module.vpc.data.aws_availability_zones.available_zones"
          ]
        }
      ]
    },
    {
      "module": "module.vpc",
      "mode": "managed",
      "type": "aws_subnet",
      "name": "public_subnet_az1",
      "provider": "provider[\"registry.terraform.io/hashicorp/aws\"]",
      "instances": [
        {
          "schema_version": 1,
          "attributes": {
            "arn": "arn:aws:ec2:ap-southeast-1:996478355195:subnet/subnet-0704d18202967fef8",
            "assign_ipv6_address_on_creation": false,
            "availability_zone": "ap-southeast-1a",
            "availability_zone_id": "apse1-az2",
            "cidr_block": "10.195.80.0/24",
            "customer_owned_ipv4_pool": "",
            "enable_dns64": false,
            "enable_lni_at_device_index": 0,
            "enable_resource_name_dns_a_record_on_launch": false,
            "enable_resource_name_dns_aaaa_record_on_launch": false,
            "id": "subnet-0704d18202967fef8",
            "ipv6_cidr_block": "",
            "ipv6_cidr_block_association_id": "",
            "ipv6_native": false,
            "map_customer_owned_ip_on_launch": false,
            "map_public_ip_on_launch": true,
            "outpost_arn": "",
            "owner_id": "996478355195",
            "private_dns_hostname_type_on_launch": "ip-name",
            "tags": {
              "Name": "consumption-subnet-public1-ap-southeast-1a"
            },
            "tags_all": {
              "Name": "consumption-subnet-public1-ap-southeast-1a"
            },
            "timeouts": null,
            "vpc_id": "vpc-0368a0462d769bd4b"
          },
          "sensitive_attributes": [],
          "private": "eyJlMmJmYjczMC1lY2FhLTExZTYtOGY4OC0zNDM2M2JjN2M0YzAiOnsiY3JlYXRlIjo2MDAwMDAwMDAwMDAsImRlbGV0ZSI6MTIwMDAwMDAwMDAwMH0sInNjaGVtYV92ZXJzaW9uIjoiMSJ9",
          "dependencies": [
            "module.vpc.aws_vpc.vpc",
            "module.vpc.data.aws_availability_zones.available_zones"
          ]
        }
      ]
    },
    {
      "module": "module.vpc",
      "mode": "managed",
      "type": "aws_subnet",
      "name": "public_subnet_az2",
      "provider": "provider[\"registry.terraform.io/hashicorp/aws\"]",
      "instances": [
        {
          "schema_version": 1,
          "attributes": {
            "arn": "arn:aws:ec2:ap-southeast-1:996478355195:subnet/subnet-06ed9db6ac76c8f86",
            "assign_ipv6_address_on_creation": false,
            "availability_zone": "ap-southeast-1b",
            "availability_zone_id": "apse1-az1",
            "cidr_block": "10.195.81.0/24",
            "customer_owned_ipv4_pool": "",
            "enable_dns64": false,
            "enable_lni_at_device_index": 0,
            "enable_resource_name_dns_a_record_on_launch": false,
            "enable_resource_name_dns_aaaa_record_on_launch": false,
            "id": "subnet-06ed9db6ac76c8f86",
            "ipv6_cidr_block": "",
            "ipv6_cidr_block_association_id": "",
            "ipv6_native": false,
            "map_customer_owned_ip_on_launch": false,
            "map_public_ip_on_launch": true,
            "outpost_arn": "",
            "owner_id": "996478355195",
            "private_dns_hostname_type_on_launch": "ip-name",
            "tags": {
              "Name": "consumption-subnet-public2-ap-southeast-1b"
            },
            "tags_all": {
              "Name": "consumption-subnet-public2-ap-southeast-1b"
            },
            "timeouts": null,
            "vpc_id": "vpc-0368a0462d769bd4b"
          },
          "sensitive_attributes": [],
          "private": "eyJlMmJmYjczMC1lY2FhLTExZTYtOGY4OC0zNDM2M2JjN2M0YzAiOnsiY3JlYXRlIjo2MDAwMDAwMDAwMDAsImRlbGV0ZSI6MTIwMDAwMDAwMDAwMH0sInNjaGVtYV92ZXJzaW9uIjoiMSJ9",
          "dependencies": [
            "module.vpc.aws_vpc.vpc",
            "module.vpc.data.aws_availability_zones.available_zones"
          ]
        }
      ]
    },
    {
      "module": "module.vpc",
      "mode": "managed",
      "type": "aws_vpc",
      "name": "vpc",
      "provider": "provider[\"registry.terraform.io/hashicorp/aws\"]",
      "instances": [
        {
          "schema_version": 1,
          "attributes": {
            "arn": "arn:aws:ec2:ap-southeast-1:996478355195:vpc/vpc-0368a0462d769bd4b",
            "assign_generated_ipv6_cidr_block": false,
            "cidr_block": "10.195.80.0/21",
            "default_network_acl_id": "acl-0560ad644690ee1ea",
            "default_route_table_id": "rtb-0265a95371ffb25fb",
            "default_security_group_id": "sg-0e6b47b45c38fb31b",
            "dhcp_options_id": "dopt-084d01651580e082a",
            "enable_dns_hostnames": true,
            "enable_dns_support": true,
            "enable_network_address_usage_metrics": false,
            "id": "vpc-0368a0462d769bd4b",
            "instance_tenancy": "default",
            "ipv4_ipam_pool_id": null,
            "ipv4_netmask_length": null,
            "ipv6_association_id": "",
            "ipv6_cidr_block": "",
            "ipv6_cidr_block_network_border_group": "",
            "ipv6_ipam_pool_id": "",
            "ipv6_netmask_length": 0,
            "main_route_table_id": "rtb-0265a95371ffb25fb",
            "owner_id": "996478355195",
            "tags": {
              "Name": "consumption"
            },
            "tags_all": {
              "Name": "consumption"
            }
          },
          "sensitive_attributes": [],
          "private": "eyJzY2hlbWFfdmVyc2lvbiI6IjEifQ=="
        }
      ]
    }
  ]
}
