{
  "version": 4,
  "terraform_version": "1.2.4",
  "serial": 46,
  "lineage": "0018eb3e-730e-c910-467a-d257c46265cd",
  "outputs": {
    "kms_key_arns": {
      "value": [
        "arn:aws:kms:us-west-2:633489328820:key/cb7c89fe-121e-47d6-b339-982267da366e",
        "arn:aws:kms:us-west-2:633489328820:key/4b1e587d-337b-47c4-8aca-a15a00aa83cb",
        "arn:aws:kms:us-west-2:633489328820:key/58741e66-3860-4d14-9263-162d63e4d3f5",
        "arn:aws:kms:us-west-2:633489328820:key/cf5108e9-b261-4070-b526-93bd27f4449c"
      ],
      "type": [
        "tuple",
        [
          "string",
          "string",
          "string",
          "string"
        ]
      ]
    }
  },
  "resources": [
    {
      "module": "module.kms",
      "mode": "managed",
      "type": "aws_kms_key",
      "name": "kms",
      "provider": "provider[\"registry.terraform.io/hashicorp/aws\"]",
      "instances": [
        {
          "index_key": 0,
          "schema_version": 0,
          "attributes": {
            "arn": "arn:aws:kms:us-west-2:633489328820:key/cb7c89fe-121e-47d6-b339-982267da366e",
            "bypass_policy_lockout_safety_check": false,
            "custom_key_store_id": "",
            "customer_master_key_spec": "SYMMETRIC_DEFAULT",
            "deletion_window_in_days": 30,
            "description": "My KMS Key 1",
            "enable_key_rotation": false,
            "id": "cb7c89fe-121e-47d6-b339-982267da366e",
            "is_enabled": true,
            "key_id": "cb7c89fe-121e-47d6-b339-982267da366e",
            "key_usage": "ENCRYPT_DECRYPT",
            "multi_region": false,
            "policy": "{\"Id\":\"key-default-1\",\"Statement\":[{\"Action\":\"kms:*\",\"Effect\":\"Allow\",\"Principal\":{\"AWS\":\"arn:aws:iam::633489328820:root\"},\"Resource\":\"*\",\"Sid\":\"Enable IAM User Permissions\"}],\"Version\":\"2012-10-17\"}",
            "tags": {
              "Env": "dev",
              "Name": "my-key-1",
              "Project": "kms-project"
            },
            "tags_all": {
              "Env": "dev",
              "Name": "my-key-1",
              "Project": "kms-project"
            }
          },
          "sensitive_attributes": [],
          "private": "bnVsbA=="
        },
        {
          "index_key": 1,
          "schema_version": 0,
          "attributes": {
            "arn": "arn:aws:kms:us-west-2:633489328820:key/4b1e587d-337b-47c4-8aca-a15a00aa83cb",
            "bypass_policy_lockout_safety_check": false,
            "custom_key_store_id": "",
            "customer_master_key_spec": "SYMMETRIC_DEFAULT",
            "deletion_window_in_days": 7,
            "description": "My KMS Key 2",
            "enable_key_rotation": false,
            "id": "4b1e587d-337b-47c4-8aca-a15a00aa83cb",
            "is_enabled": true,
            "key_id": "4b1e587d-337b-47c4-8aca-a15a00aa83cb",
            "key_usage": "ENCRYPT_DECRYPT",
            "multi_region": false,
            "policy": "{\"Id\":\"key-default-1\",\"Statement\":[{\"Action\":\"kms:*\",\"Effect\":\"Allow\",\"Principal\":{\"AWS\":\"arn:aws:iam::633489328820:root\"},\"Resource\":\"*\",\"Sid\":\"Enable IAM User Permissions\"}],\"Version\":\"2012-10-17\"}",
            "tags": {
              "Env": "dev",
              "Name": "my-key-2",
              "Project": "kms-project"
            },
            "tags_all": {
              "Env": "dev",
              "Name": "my-key-2",
              "Project": "kms-project"
            }
          },
          "sensitive_attributes": [],
          "private": "bnVsbA=="
        },
        {
          "index_key": 2,
          "schema_version": 0,
          "attributes": {
            "arn": "arn:aws:kms:us-west-2:633489328820:key/58741e66-3860-4d14-9263-162d63e4d3f5",
            "bypass_policy_lockout_safety_check": false,
            "custom_key_store_id": "",
            "customer_master_key_spec": "SYMMETRIC_DEFAULT",
            "deletion_window_in_days": 7,
            "description": "My KMS Key 3",
            "enable_key_rotation": false,
            "id": "58741e66-3860-4d14-9263-162d63e4d3f5",
            "is_enabled": true,
            "key_id": "58741e66-3860-4d14-9263-162d63e4d3f5",
            "key_usage": "ENCRYPT_DECRYPT",
            "multi_region": false,
            "policy": "{\"Id\":\"key-default-1\",\"Statement\":[{\"Action\":\"kms:*\",\"Effect\":\"Allow\",\"Principal\":{\"AWS\":\"arn:aws:iam::633489328820:root\"},\"Resource\":\"*\",\"Sid\":\"Enable IAM User Permissions\"}],\"Version\":\"2012-10-17\"}",
            "tags": {
              "Env": "dev",
              "Name": "my-key-3",
              "Project": "kms-project"
            },
            "tags_all": {
              "Env": "dev",
              "Name": "my-key-3",
              "Project": "kms-project"
            }
          },
          "sensitive_attributes": [],
          "private": "bnVsbA=="
        },
        {
          "index_key": 3,
          "schema_version": 0,
          "attributes": {
            "arn": "arn:aws:kms:us-west-2:633489328820:key/cf5108e9-b261-4070-b526-93bd27f4449c",
            "bypass_policy_lockout_safety_check": false,
            "custom_key_store_id": "",
            "customer_master_key_spec": "SYMMETRIC_DEFAULT",
            "deletion_window_in_days": 7,
            "description": "My KMS Key 4",
            "enable_key_rotation": false,
            "id": "cf5108e9-b261-4070-b526-93bd27f4449c",
            "is_enabled": true,
            "key_id": "cf5108e9-b261-4070-b526-93bd27f4449c",
            "key_usage": "ENCRYPT_DECRYPT",
            "multi_region": false,
            "policy": "{\"Id\":\"key-default-1\",\"Statement\":[{\"Action\":\"kms:*\",\"Effect\":\"Allow\",\"Principal\":{\"AWS\":\"arn:aws:iam::633489328820:root\"},\"Resource\":\"*\",\"Sid\":\"Enable IAM User Permissions\"}],\"Version\":\"2012-10-17\"}",
            "tags": {
              "Env": "dev",
              "Name": "my-key-4",
              "Project": "kms-project"
            },
            "tags_all": {
              "Env": "dev",
              "Name": "my-key-4",
              "Project": "kms-project"
            }
          },
          "sensitive_attributes": [],
          "private": "bnVsbA=="
        }
      ]
    },
    {
      "module": "module.kms2",
      "mode": "managed",
      "type": "aws_kms_key",
      "name": "kms",
      "provider": "provider[\"registry.terraform.io/hashicorp/aws\"]",
      "instances": [
        {
          "index_key": 0,
          "schema_version": 0,
          "attributes": {
            "arn": "arn:aws:kms:us-west-2:633489328820:key/5385a2a8-c85d-4aed-a99b-482b68ffebb0",
            "bypass_policy_lockout_safety_check": false,
            "custom_key_store_id": "",
            "customer_master_key_spec": "SYMMETRIC_DEFAULT",
            "deletion_window_in_days": 30,
            "description": "My KMS Key 1",
            "enable_key_rotation": false,
            "id": "5385a2a8-c85d-4aed-a99b-482b68ffebb0",
            "is_enabled": true,
            "key_id": "5385a2a8-c85d-4aed-a99b-482b68ffebb0",
            "key_usage": "ENCRYPT_DECRYPT",
            "multi_region": false,
            "policy": "{\"Id\":\"key-default-1\",\"Statement\":[{\"Action\":\"kms:*\",\"Effect\":\"Allow\",\"Principal\":{\"AWS\":\"arn:aws:iam::633489328820:root\"},\"Resource\":\"*\",\"Sid\":\"Enable IAM User Permissions\"}],\"Version\":\"2012-10-17\"}",
            "tags": {
              "Env": "qa",
              "Name": "my-key-1",
              "Project": "kms-project1"
            },
            "tags_all": {
              "Env": "qa",
              "Name": "my-key-1",
              "Project": "kms-project1"
            }
          },
          "sensitive_attributes": [],
          "private": "bnVsbA=="
        },
        {
          "index_key": 1,
          "schema_version": 0,
          "attributes": {
            "arn": "arn:aws:kms:us-west-2:633489328820:key/4dbf98a1-ad22-4389-854e-0c16798db01e",
            "bypass_policy_lockout_safety_check": false,
            "custom_key_store_id": "",
            "customer_master_key_spec": "SYMMETRIC_DEFAULT",
            "deletion_window_in_days": 7,
            "description": "My KMS Key 2",
            "enable_key_rotation": false,
            "id": "4dbf98a1-ad22-4389-854e-0c16798db01e",
            "is_enabled": true,
            "key_id": "4dbf98a1-ad22-4389-854e-0c16798db01e",
            "key_usage": "ENCRYPT_DECRYPT",
            "multi_region": false,
            "policy": "{\"Id\":\"key-default-1\",\"Statement\":[{\"Action\":\"kms:*\",\"Effect\":\"Allow\",\"Principal\":{\"AWS\":\"arn:aws:iam::633489328820:root\"},\"Resource\":\"*\",\"Sid\":\"Enable IAM User Permissions\"}],\"Version\":\"2012-10-17\"}",
            "tags": {
              "Env": "qa",
              "Name": "my-key-2",
              "Project": "kms-project1"
            },
            "tags_all": {
              "Env": "qa",
              "Name": "my-key-2",
              "Project": "kms-project1"
            }
          },
          "sensitive_attributes": [],
          "private": "bnVsbA=="
        },
        {
          "index_key": 2,
          "schema_version": 0,
          "attributes": {
            "arn": "arn:aws:kms:us-west-2:633489328820:key/afdc9063-78f7-49a3-9586-91777922c6a4",
            "bypass_policy_lockout_safety_check": false,
            "custom_key_store_id": "",
            "customer_master_key_spec": "SYMMETRIC_DEFAULT",
            "deletion_window_in_days": 7,
            "description": "My KMS Key 3",
            "enable_key_rotation": false,
            "id": "afdc9063-78f7-49a3-9586-91777922c6a4",
            "is_enabled": true,
            "key_id": "afdc9063-78f7-49a3-9586-91777922c6a4",
            "key_usage": "ENCRYPT_DECRYPT",
            "multi_region": false,
            "policy": "{\"Id\":\"key-default-1\",\"Statement\":[{\"Action\":\"kms:*\",\"Effect\":\"Allow\",\"Principal\":{\"AWS\":\"arn:aws:iam::633489328820:root\"},\"Resource\":\"*\",\"Sid\":\"Enable IAM User Permissions\"}],\"Version\":\"2012-10-17\"}",
            "tags": {
              "Env": "qa",
              "Name": "my-key-3",
              "Project": "kms-project1"
            },
            "tags_all": {
              "Env": "qa",
              "Name": "my-key-3",
              "Project": "kms-project1"
            }
          },
          "sensitive_attributes": [],
          "private": "bnVsbA=="
        },
        {
          "index_key": 3,
          "schema_version": 0,
          "attributes": {
            "arn": "arn:aws:kms:us-west-2:633489328820:key/459824aa-05ba-4b93-9664-e4f71aef3627",
            "bypass_policy_lockout_safety_check": false,
            "custom_key_store_id": "",
            "customer_master_key_spec": "SYMMETRIC_DEFAULT",
            "deletion_window_in_days": 7,
            "description": "My KMS Key 4",
            "enable_key_rotation": false,
            "id": "459824aa-05ba-4b93-9664-e4f71aef3627",
            "is_enabled": true,
            "key_id": "459824aa-05ba-4b93-9664-e4f71aef3627",
            "key_usage": "ENCRYPT_DECRYPT",
            "multi_region": false,
            "policy": "{\"Id\":\"key-default-1\",\"Statement\":[{\"Action\":\"kms:*\",\"Effect\":\"Allow\",\"Principal\":{\"AWS\":\"arn:aws:iam::633489328820:root\"},\"Resource\":\"*\",\"Sid\":\"Enable IAM User Permissions\"}],\"Version\":\"2012-10-17\"}",
            "tags": {
              "Env": "qa",
              "Name": "my-key-4",
              "Project": "kms-project1"
            },
            "tags_all": {
              "Env": "qa",
              "Name": "my-key-4",
              "Project": "kms-project1"
            }
          },
          "sensitive_attributes": [],
          "private": "bnVsbA=="
        }
      ]
    },
    {
      "module": "module.kms3",
      "mode": "managed",
      "type": "aws_kms_key",
      "name": "kms",
      "provider": "provider[\"registry.terraform.io/hashicorp/aws\"]",
      "instances": [
        {
          "index_key": 0,
          "schema_version": 0,
          "attributes": {
            "arn": "arn:aws:kms:us-west-2:633489328820:key/6872193e-3ad4-43ec-8eec-f64aadda217c",
            "bypass_policy_lockout_safety_check": false,
            "custom_key_store_id": "",
            "customer_master_key_spec": "SYMMETRIC_DEFAULT",
            "deletion_window_in_days": 30,
            "description": "My KMS Key 1",
            "enable_key_rotation": false,
            "id": "6872193e-3ad4-43ec-8eec-f64aadda217c",
            "is_enabled": true,
            "key_id": "6872193e-3ad4-43ec-8eec-f64aadda217c",
            "key_usage": "ENCRYPT_DECRYPT",
            "multi_region": false,
            "policy": "{\"Id\":\"key-default-1\",\"Statement\":[{\"Action\":\"kms:*\",\"Effect\":\"Allow\",\"Principal\":{\"AWS\":\"arn:aws:iam::633489328820:root\"},\"Resource\":\"*\",\"Sid\":\"Enable IAM User Permissions\"}],\"Version\":\"2012-10-17\"}",
            "tags": {
              "Env": "dev",
              "Name": "my-key-1",
              "Project": "kms-project"
            },
            "tags_all": {
              "Env": "dev",
              "Name": "my-key-1",
              "Project": "kms-project"
            }
          },
          "sensitive_attributes": [],
          "private": "bnVsbA=="
        },
        {
          "index_key": 1,
          "schema_version": 0,
          "attributes": {
            "arn": "arn:aws:kms:us-west-2:633489328820:key/cc1d84d1-d206-412a-a385-3ac9f687d01b",
            "bypass_policy_lockout_safety_check": false,
            "custom_key_store_id": "",
            "customer_master_key_spec": "SYMMETRIC_DEFAULT",
            "deletion_window_in_days": 7,
            "description": "My KMS Key 2",
            "enable_key_rotation": false,
            "id": "cc1d84d1-d206-412a-a385-3ac9f687d01b",
            "is_enabled": true,
            "key_id": "cc1d84d1-d206-412a-a385-3ac9f687d01b",
            "key_usage": "ENCRYPT_DECRYPT",
            "multi_region": false,
            "policy": "{\"Id\":\"key-default-1\",\"Statement\":[{\"Action\":\"kms:*\",\"Effect\":\"Allow\",\"Principal\":{\"AWS\":\"arn:aws:iam::633489328820:root\"},\"Resource\":\"*\",\"Sid\":\"Enable IAM User Permissions\"}],\"Version\":\"2012-10-17\"}",
            "tags": {
              "Env": "dev",
              "Name": "my-key-2",
              "Project": "kms-project"
            },
            "tags_all": {
              "Env": "dev",
              "Name": "my-key-2",
              "Project": "kms-project"
            }
          },
          "sensitive_attributes": [],
          "private": "bnVsbA=="
        },
        {
          "index_key": 2,
          "schema_version": 0,
          "attributes": {
            "arn": "arn:aws:kms:us-west-2:633489328820:key/9f151f33-5133-48bd-be85-cae6ab79a6d4",
            "bypass_policy_lockout_safety_check": false,
            "custom_key_store_id": "",
            "customer_master_key_spec": "SYMMETRIC_DEFAULT",
            "deletion_window_in_days": 7,
            "description": "My KMS Key 3",
            "enable_key_rotation": false,
            "id": "9f151f33-5133-48bd-be85-cae6ab79a6d4",
            "is_enabled": true,
            "key_id": "9f151f33-5133-48bd-be85-cae6ab79a6d4",
            "key_usage": "ENCRYPT_DECRYPT",
            "multi_region": false,
            "policy": "{\"Id\":\"key-default-1\",\"Statement\":[{\"Action\":\"kms:*\",\"Effect\":\"Allow\",\"Principal\":{\"AWS\":\"arn:aws:iam::633489328820:root\"},\"Resource\":\"*\",\"Sid\":\"Enable IAM User Permissions\"}],\"Version\":\"2012-10-17\"}",
            "tags": {
              "Env": "dev",
              "Name": "my-key-3",
              "Project": "kms-project"
            },
            "tags_all": {
              "Env": "dev",
              "Name": "my-key-3",
              "Project": "kms-project"
            }
          },
          "sensitive_attributes": [],
          "private": "bnVsbA=="
        },
        {
          "index_key": 3,
          "schema_version": 0,
          "attributes": {
            "arn": "arn:aws:kms:us-west-2:633489328820:key/8394a831-4c32-4241-a10e-6d9f653249de",
            "bypass_policy_lockout_safety_check": false,
            "custom_key_store_id": "",
            "customer_master_key_spec": "SYMMETRIC_DEFAULT",
            "deletion_window_in_days": 7,
            "description": "My KMS Key 4",
            "enable_key_rotation": false,
            "id": "8394a831-4c32-4241-a10e-6d9f653249de",
            "is_enabled": true,
            "key_id": "8394a831-4c32-4241-a10e-6d9f653249de",
            "key_usage": "ENCRYPT_DECRYPT",
            "multi_region": false,
            "policy": "{\"Id\":\"key-default-1\",\"Statement\":[{\"Action\":\"kms:*\",\"Effect\":\"Allow\",\"Principal\":{\"AWS\":\"arn:aws:iam::633489328820:root\"},\"Resource\":\"*\",\"Sid\":\"Enable IAM User Permissions\"}],\"Version\":\"2012-10-17\"}",
            "tags": {
              "Env": "dev",
              "Name": "my-key-4",
              "Project": "kms-project"
            },
            "tags_all": {
              "Env": "dev",
              "Name": "my-key-4",
              "Project": "kms-project"
            }
          },
          "sensitive_attributes": [],
          "private": "bnVsbA=="
        }
      ]
    },
    {
      "module": "module.kms4",
      "mode": "managed",
      "type": "aws_kms_key",
      "name": "kms",
      "provider": "provider[\"registry.terraform.io/hashicorp/aws\"]",
      "instances": [
        {
          "index_key": 0,
          "schema_version": 0,
          "attributes": {
            "arn": "arn:aws:kms:us-west-2:633489328820:key/93d2b189-fa31-495a-a803-af3e1b0f015a",
            "bypass_policy_lockout_safety_check": false,
            "custom_key_store_id": "",
            "customer_master_key_spec": "SYMMETRIC_DEFAULT",
            "deletion_window_in_days": 30,
            "description": "My KMS Key 1",
            "enable_key_rotation": false,
            "id": "93d2b189-fa31-495a-a803-af3e1b0f015a",
            "is_enabled": true,
            "key_id": "93d2b189-fa31-495a-a803-af3e1b0f015a",
            "key_usage": "ENCRYPT_DECRYPT",
            "multi_region": false,
            "policy": "{\"Id\":\"key-default-1\",\"Statement\":[{\"Action\":\"kms:*\",\"Effect\":\"Allow\",\"Principal\":{\"AWS\":\"arn:aws:iam::633489328820:root\"},\"Resource\":\"*\",\"Sid\":\"Enable IAM User Permissions\"}],\"Version\":\"2012-10-17\"}",
            "tags": {
              "Env": "dev",
              "Name": "my-key-1",
              "Project": "kms-project"
            },
            "tags_all": {
              "Env": "dev",
              "Name": "my-key-1",
              "Project": "kms-project"
            }
          },
          "sensitive_attributes": [],
          "private": "bnVsbA=="
        },
        {
          "index_key": 1,
          "schema_version": 0,
          "attributes": {
            "arn": "arn:aws:kms:us-west-2:633489328820:key/0a3e24c0-160a-4fb5-bd57-d6d61eff4d52",
            "bypass_policy_lockout_safety_check": false,
            "custom_key_store_id": "",
            "customer_master_key_spec": "SYMMETRIC_DEFAULT",
            "deletion_window_in_days": 7,
            "description": "My KMS Key 2",
            "enable_key_rotation": false,
            "id": "0a3e24c0-160a-4fb5-bd57-d6d61eff4d52",
            "is_enabled": true,
            "key_id": "0a3e24c0-160a-4fb5-bd57-d6d61eff4d52",
            "key_usage": "ENCRYPT_DECRYPT",
            "multi_region": false,
            "policy": "{\"Id\":\"key-default-1\",\"Statement\":[{\"Action\":\"kms:*\",\"Effect\":\"Allow\",\"Principal\":{\"AWS\":\"arn:aws:iam::633489328820:root\"},\"Resource\":\"*\",\"Sid\":\"Enable IAM User Permissions\"}],\"Version\":\"2012-10-17\"}",
            "tags": {
              "Env": "dev",
              "Name": "my-key-2",
              "Project": "kms-project"
            },
            "tags_all": {
              "Env": "dev",
              "Name": "my-key-2",
              "Project": "kms-project"
            }
          },
          "sensitive_attributes": [],
          "private": "bnVsbA=="
        },
        {
          "index_key": 2,
          "schema_version": 0,
          "attributes": {
            "arn": "arn:aws:kms:us-west-2:633489328820:key/58496b22-6a39-4836-bd53-2d9c4f2b39c2",
            "bypass_policy_lockout_safety_check": false,
            "custom_key_store_id": "",
            "customer_master_key_spec": "SYMMETRIC_DEFAULT",
            "deletion_window_in_days": 7,
            "description": "My KMS Key 3",
            "enable_key_rotation": false,
            "id": "58496b22-6a39-4836-bd53-2d9c4f2b39c2",
            "is_enabled": true,
            "key_id": "58496b22-6a39-4836-bd53-2d9c4f2b39c2",
            "key_usage": "ENCRYPT_DECRYPT",
            "multi_region": false,
            "policy": "{\"Id\":\"key-default-1\",\"Statement\":[{\"Action\":\"kms:*\",\"Effect\":\"Allow\",\"Principal\":{\"AWS\":\"arn:aws:iam::633489328820:root\"},\"Resource\":\"*\",\"Sid\":\"Enable IAM User Permissions\"}],\"Version\":\"2012-10-17\"}",
            "tags": {
              "Env": "dev",
              "Name": "my-key-3",
              "Project": "kms-project"
            },
            "tags_all": {
              "Env": "dev",
              "Name": "my-key-3",
              "Project": "kms-project"
            }
          },
          "sensitive_attributes": [],
          "private": "bnVsbA=="
        },
        {
          "index_key": 3,
          "schema_version": 0,
          "attributes": {
            "arn": "arn:aws:kms:us-west-2:633489328820:key/0d2e7d37-2ff3-4c15-9920-f550ca8c0796",
            "bypass_policy_lockout_safety_check": false,
            "custom_key_store_id": "",
            "customer_master_key_spec": "SYMMETRIC_DEFAULT",
            "deletion_window_in_days": 7,
            "description": "My KMS Key 4",
            "enable_key_rotation": false,
            "id": "0d2e7d37-2ff3-4c15-9920-f550ca8c0796",
            "is_enabled": true,
            "key_id": "0d2e7d37-2ff3-4c15-9920-f550ca8c0796",
            "key_usage": "ENCRYPT_DECRYPT",
            "multi_region": false,
            "policy": "{\"Id\":\"key-default-1\",\"Statement\":[{\"Action\":\"kms:*\",\"Effect\":\"Allow\",\"Principal\":{\"AWS\":\"arn:aws:iam::633489328820:root\"},\"Resource\":\"*\",\"Sid\":\"Enable IAM User Permissions\"}],\"Version\":\"2012-10-17\"}",
            "tags": {
              "Env": "dev",
              "Name": "my-key-4",
              "Project": "kms-project"
            },
            "tags_all": {
              "Env": "dev",
              "Name": "my-key-4",
              "Project": "kms-project"
            }
          },
          "sensitive_attributes": [],
          "private": "bnVsbA=="
        }
      ]
    }
  ]
}
