{
  "version": 4,
  "terraform_version": "1.2.4",
  "serial": 126,
  "lineage": "b6caa95d-6922-298f-500b-5c5eeebf51a5",
  "outputs": {
    "iam_user_name": {
      "value": "terraform-user-1",
      "type": "string"
    }
  },
  "resources": [
    {
      "module": "module.iam_user",
      "mode": "managed",
      "type": "aws_iam_policy",
      "name": "iam_policy",
      "provider": "provider[\"registry.terraform.io/hashicorp/aws\"]",
      "instances": [
        {
          "index_key": 0,
          "schema_version": 0,
          "attributes": {
            "arn": "arn:aws:iam::633489328820:policy/my-policy-1",
            "description": "My IAM Policy 1",
            "id": "arn:aws:iam::633489328820:policy/my-policy-1",
            "name": "my-policy-1",
            "name_prefix": "",
            "path": "/",
            "policy": "{\"Statement\":[{\"Action\":[\"s3:GetObject\"],\"Effect\":\"Allow\",\"Resource\":[\"arn:aws:s3:::my-bucket/*\"]}],\"Version\":\"2012-10-17\"}",
            "policy_id": "ANPAZG7XIBK2MPZXBFGNT",
            "tags": null,
            "tags_all": {}
          },
          "sensitive_attributes": [],
          "private": "bnVsbA=="
        }
      ]
    },
    {
      "module": "module.iam_user",
      "mode": "managed",
      "type": "aws_iam_user",
      "name": "iam_user",
      "provider": "provider[\"registry.terraform.io/hashicorp/aws\"]",
      "instances": [
        {
          "schema_version": 0,
          "attributes": {
            "arn": "arn:aws:iam::633489328820:user/terraform-user-1",
            "force_destroy": false,
            "id": "terraform-user-1",
            "name": "terraform-user-1",
            "path": "/",
            "permissions_boundary": null,
            "tags": {
              "env": "qa",
              "foo": "bar",
              "project": "iamuser1"
            },
            "tags_all": {
              "env": "qa",
              "foo": "bar",
              "project": "iamuser1"
            },
            "unique_id": "AIDAZG7XIBK2P5NFJR2DE"
          },
          "sensitive_attributes": [],
          "private": "bnVsbA=="
        }
      ]
    },
    {
      "module": "module.iam_user",
      "mode": "managed",
      "type": "aws_iam_user_policy_attachment",
      "name": "iam_user_policy_attachment",
      "provider": "provider[\"registry.terraform.io/hashicorp/aws\"]",
      "instances": [
        {
          "index_key": 0,
          "schema_version": 0,
          "attributes": {
            "id": "terraform-user-1-20230607085330429600000001",
            "policy_arn": "arn:aws:iam::633489328820:policy/my-policy-1",
            "user": "terraform-user-1"
          },
          "sensitive_attributes": [],
          "private": "bnVsbA==",
          "dependencies": [
            "module.iam_user.aws_iam_policy.iam_policy",
            "module.iam_user.aws_iam_user.iam_user"
          ]
        }
      ]
    },
    {
      "module": "module.iam_user2",
      "mode": "managed",
      "type": "aws_iam_policy",
      "name": "iam_policy",
      "provider": "provider[\"registry.terraform.io/hashicorp/aws\"]",
      "instances": [
        {
          "index_key": 0,
          "schema_version": 0,
          "attributes": {
            "arn": "arn:aws:iam::633489328820:policy/my-policy-3",
            "description": "My IAM Policy 3",
            "id": "arn:aws:iam::633489328820:policy/my-policy-3",
            "name": "my-policy-3",
            "name_prefix": "",
            "path": "/",
            "policy": "{\"Statement\":[{\"Action\":[\"s3:GetObject\"],\"Effect\":\"Allow\",\"Resource\":[\"arn:aws:s3:::my-bucket/*\"]}],\"Version\":\"2012-10-17\"}",
            "policy_id": "ANPAZG7XIBK2N6WNXVK26",
            "tags": null,
            "tags_all": {}
          },
          "sensitive_attributes": [],
          "private": "bnVsbA=="
        },
        {
          "index_key": 1,
          "schema_version": 0,
          "attributes": {
            "arn": "arn:aws:iam::633489328820:policy/my-policy-4",
            "description": "My IAM Policy 4",
            "id": "arn:aws:iam::633489328820:policy/my-policy-4",
            "name": "my-policy-4",
            "name_prefix": "",
            "path": "/",
            "policy": "{\"Statement\":[{\"Action\":[\"ec2:Describe*\"],\"Effect\":\"Allow\",\"Resource\":[\"*\"]}],\"Version\":\"2012-10-17\"}",
            "policy_id": "ANPAZG7XIBK2FC2N2BDPO",
            "tags": null,
            "tags_all": {}
          },
          "sensitive_attributes": [],
          "private": "bnVsbA=="
        }
      ]
    },
    {
      "module": "module.iam_user2",
      "mode": "managed",
      "type": "aws_iam_user",
      "name": "iam_user",
      "provider": "provider[\"registry.terraform.io/hashicorp/aws\"]",
      "instances": [
        {
          "schema_version": 0,
          "attributes": {
            "arn": "arn:aws:iam::633489328820:user/terraform-user-2",
            "force_destroy": false,
            "id": "terraform-user-2",
            "name": "terraform-user-2",
            "path": "/",
            "permissions_boundary": null,
            "tags": {
              "env": "dev",
              "foo": "bar1",
              "project": "iamuser2"
            },
            "tags_all": {
              "env": "dev",
              "foo": "bar1",
              "project": "iamuser2"
            },
            "unique_id": "AIDAZG7XIBK2ON2PVZ2OS"
          },
          "sensitive_attributes": [],
          "private": "bnVsbA=="
        }
      ]
    },
    {
      "module": "module.iam_user2",
      "mode": "managed",
      "type": "aws_iam_user_policy_attachment",
      "name": "iam_user_policy_attachment",
      "provider": "provider[\"registry.terraform.io/hashicorp/aws\"]",
      "instances": [
        {
          "index_key": 0,
          "schema_version": 0,
          "attributes": {
            "id": "terraform-user-2-20230607085330534100000003",
            "policy_arn": "arn:aws:iam::633489328820:policy/my-policy-3",
            "user": "terraform-user-2"
          },
          "sensitive_attributes": [],
          "private": "bnVsbA==",
          "dependencies": [
            "module.iam_user2.aws_iam_policy.iam_policy",
            "module.iam_user2.aws_iam_user.iam_user"
          ]
        },
        {
          "index_key": 1,
          "schema_version": 0,
          "attributes": {
            "id": "terraform-user-2-20230607085330479200000002",
            "policy_arn": "arn:aws:iam::633489328820:policy/my-policy-4",
            "user": "terraform-user-2"
          },
          "sensitive_attributes": [],
          "private": "bnVsbA==",
          "dependencies": [
            "module.iam_user2.aws_iam_policy.iam_policy",
            "module.iam_user2.aws_iam_user.iam_user"
          ]
        }
      ]
    }
  ]
}
